// !$*UTF8*$!
{
	archiveVersion = 1;
	classes = {
	};
	objectVersion = 50;
	objects = {

/* Begin PBXBuildFile section */
		371F07AF221D49AB00453357 /* ZDDThreeLinesCell.m in Sources */ = {isa = PBXBuildFile; fileRef = 371F07AE221D49AB00453357 /* ZDDThreeLinesCell.m */; };
		371F07B3221D51BA00453357 /* ZDDThreeLineModel.m in Sources */ = {isa = PBXBuildFile; fileRef = 371F07B2221D51BA00453357 /* ZDDThreeLineModel.m */; };
		371F7298221E3D76001DEC05 /* ZDDThreeLineCardView.m in Sources */ = {isa = PBXBuildFile; fileRef = 371F7297221E3D76001DEC05 /* ZDDThreeLineCardView.m */; };
		371F729B221E8A12001DEC05 /* ZDDSnowView.m in Sources */ = {isa = PBXBuildFile; fileRef = 371F729A221E8A12001DEC05 /* ZDDSnowView.m */; };
		371F729E221E9097001DEC05 /* ZDDThreeLineCommentView.m in Sources */ = {isa = PBXBuildFile; fileRef = 371F729D221E9097001DEC05 /* ZDDThreeLineCommentView.m */; };
		371F72A1221E949F001DEC05 /* ZDDInputView.m in Sources */ = {isa = PBXBuildFile; fileRef = 371F72A0221E949F001DEC05 /* ZDDInputView.m */; };
		371F72A5221E990A001DEC05 /* UIView+ZDD.m in Sources */ = {isa = PBXBuildFile; fileRef = 371F72A3221E990A001DEC05 /* UIView+ZDD.m */; };
		371F72A8221E9C63001DEC05 /* ZDDThreeLineCommentCellNode.m in Sources */ = {isa = PBXBuildFile; fileRef = 371F72A7221E9C63001DEC05 /* ZDDThreeLineCommentCellNode.m */; };
		371F72B0221EA896001DEC05 /* NSMutableAttributedString+Chain.m in Sources */ = {isa = PBXBuildFile; fileRef = 371F72AD221EA895001DEC05 /* NSMutableAttributedString+Chain.m */; };
		371F72B1221EA896001DEC05 /* NSMutableDictionary+Attributes.m in Sources */ = {isa = PBXBuildFile; fileRef = 371F72AF221EA896001DEC05 /* NSMutableDictionary+Attributes.m */; };
		37E3E01B22217FFA0088FCE4 /* MODropAlertView.m in Sources */ = {isa = PBXBuildFile; fileRef = 37E3E01922217FFA0088FCE4 /* MODropAlertView.m */; };
		37E3E01C22217FFA0088FCE4 /* UIImage+ImageEffects.m in Sources */ = {isa = PBXBuildFile; fileRef = 37E3E01A22217FFA0088FCE4 /* UIImage+ImageEffects.m */; };
		37F5E2902222BA2E004C841E /* ZDDPoemModel.m in Sources */ = {isa = PBXBuildFile; fileRef = 37F5E28F2222BA2E004C841E /* ZDDPoemModel.m */; };
		37F5E2932222C0BC004C841E /* UIWindow+Tools.m in Sources */ = {isa = PBXBuildFile; fileRef = 37F5E2912222C0BC004C841E /* UIWindow+Tools.m */; };
		37FA53CC221F89EB00E5C5A9 /* ZDDLogController.m in Sources */ = {isa = PBXBuildFile; fileRef = 37FA53CB221F89EB00E5C5A9 /* ZDDLogController.m */; };
		37FA5406221F9F0900E5C5A9 /* POPCGUtils.mm in Sources */ = {isa = PBXBuildFile; fileRef = 37FA53D4221F9F0900E5C5A9 /* POPCGUtils.mm */; };
		37FA5407221F9F0900E5C5A9 /* pop-ios-Info.plist in Resources */ = {isa = PBXBuildFile; fileRef = 37FA53D6221F9F0900E5C5A9 /* pop-ios-Info.plist */; };
		37FA5408221F9F0900E5C5A9 /* POPMath.mm in Sources */ = {isa = PBXBuildFile; fileRef = 37FA53DA221F9F0900E5C5A9 /* POPMath.mm */; };
		37FA5409221F9F0900E5C5A9 /* POPSpringAnimation.mm in Sources */ = {isa = PBXBuildFile; fileRef = 37FA53DD221F9F0900E5C5A9 /* POPSpringAnimation.mm */; };
		37FA540A221F9F0900E5C5A9 /* POPCustomAnimation.mm in Sources */ = {isa = PBXBuildFile; fileRef = 37FA53DE221F9F0900E5C5A9 /* POPCustomAnimation.mm */; };
		37FA540B221F9F0900E5C5A9 /* POPAnimationTracer.mm in Sources */ = {isa = PBXBuildFile; fileRef = 37FA53E1221F9F0900E5C5A9 /* POPAnimationTracer.mm */; };
		37FA540C221F9F0900E5C5A9 /* POPAnimationExtras.mm in Sources */ = {isa = PBXBuildFile; fileRef = 37FA53E3221F9F0900E5C5A9 /* POPAnimationExtras.mm */; };
		37FA540D221F9F0900E5C5A9 /* pop-tvos-Info.plist in Resources */ = {isa = PBXBuildFile; fileRef = 37FA53E4221F9F0900E5C5A9 /* pop-tvos-Info.plist */; };
		37FA540E221F9F0900E5C5A9 /* POPDecayAnimation.mm in Sources */ = {isa = PBXBuildFile; fileRef = 37FA53E6221F9F0900E5C5A9 /* POPDecayAnimation.mm */; };
		37FA540F221F9F0900E5C5A9 /* pop-osx-Info.plist in Resources */ = {isa = PBXBuildFile; fileRef = 37FA53E8221F9F0900E5C5A9 /* pop-osx-Info.plist */; };
		37FA5410221F9F0900E5C5A9 /* POPPropertyAnimation.mm in Sources */ = {isa = PBXBuildFile; fileRef = 37FA53EF221F9F0900E5C5A9 /* POPPropertyAnimation.mm */; };
		37FA5411221F9F0900E5C5A9 /* POPAnimation.mm in Sources */ = {isa = PBXBuildFile; fileRef = 37FA53F1221F9F0900E5C5A9 /* POPAnimation.mm */; };
		37FA5412221F9F0900E5C5A9 /* POPGeometry.mm in Sources */ = {isa = PBXBuildFile; fileRef = 37FA53F2221F9F0900E5C5A9 /* POPGeometry.mm */; };
		37FA5413221F9F0900E5C5A9 /* POPBasicAnimation.mm in Sources */ = {isa = PBXBuildFile; fileRef = 37FA53F3221F9F0900E5C5A9 /* POPBasicAnimation.mm */; };
		37FA5414221F9F0900E5C5A9 /* TransformationMatrix.mm in Sources */ = {isa = PBXBuildFile; fileRef = 37FA53F5221F9F0900E5C5A9 /* TransformationMatrix.mm */; };
		37FA5415221F9F0900E5C5A9 /* POPAnimator.mm in Sources */ = {isa = PBXBuildFile; fileRef = 37FA53FB221F9F0900E5C5A9 /* POPAnimator.mm */; };
		37FA5416221F9F0900E5C5A9 /* POPAnimatableProperty.mm in Sources */ = {isa = PBXBuildFile; fileRef = 37FA53FC221F9F0900E5C5A9 /* POPAnimatableProperty.mm */; };
		37FA5417221F9F0900E5C5A9 /* POPAnimationRuntime.mm in Sources */ = {isa = PBXBuildFile; fileRef = 37FA53FF221F9F0900E5C5A9 /* POPAnimationRuntime.mm */; };
		37FA5418221F9F0900E5C5A9 /* POPAnimationEvent.mm in Sources */ = {isa = PBXBuildFile; fileRef = 37FA5400221F9F0900E5C5A9 /* POPAnimationEvent.mm */; };
		37FA5419221F9F0900E5C5A9 /* POPLayerExtras.mm in Sources */ = {isa = PBXBuildFile; fileRef = 37FA5401221F9F0900E5C5A9 /* POPLayerExtras.mm */; };
		37FA541A221F9F0900E5C5A9 /* POPVector.mm in Sources */ = {isa = PBXBuildFile; fileRef = 37FA5402221F9F0900E5C5A9 /* POPVector.mm */; };
		37FA5421221FC2DD00E5C5A9 /* ZDDUserModel.m in Sources */ = {isa = PBXBuildFile; fileRef = 37FA5420221FC2DD00E5C5A9 /* ZDDUserModel.m */; };
		37FA5424221FC32300E5C5A9 /* ZDDUserTool.m in Sources */ = {isa = PBXBuildFile; fileRef = 37FA5423221FC32300E5C5A9 /* ZDDUserTool.m */; };
		37FA5427221FD28200E5C5A9 /* NSString+Regex.m in Sources */ = {isa = PBXBuildFile; fileRef = 37FA5425221FD28100E5C5A9 /* NSString+Regex.m */; };
		37FA542A221FE7BF00E5C5A9 /* ZDDPostThreeLineController.m in Sources */ = {isa = PBXBuildFile; fileRef = 37FA5429221FE7BF00E5C5A9 /* ZDDPostThreeLineController.m */; };
		4A275556221E3D14003689F6 /* UIImage+Blur.m in Sources */ = {isa = PBXBuildFile; fileRef = 4A275555221E3D14003689F6 /* UIImage+Blur.m */; };
		4A27555A221E3DA3003689F6 /* ZDDYZXSViewController.m in Sources */ = {isa = PBXBuildFile; fileRef = 4A275559221E3DA3003689F6 /* ZDDYZXSViewController.m */; };
		4A275562221E9708003689F6 /* ZDDPersonHeadTableViewCell.m in Sources */ = {isa = PBXBuildFile; fileRef = 4A275561221E9708003689F6 /* ZDDPersonHeadTableViewCell.m */; };
		4A275565221E9715003689F6 /* ZDDPersonSettingTableViewCell.m in Sources */ = {isa = PBXBuildFile; fileRef = 4A275564221E9715003689F6 /* ZDDPersonSettingTableViewCell.m */; };
		4A275568221E9CBC003689F6 /* ZDDPersonLogoutTableViewCell.m in Sources */ = {isa = PBXBuildFile; fileRef = 4A275567221E9CBC003689F6 /* ZDDPersonLogoutTableViewCell.m */; };
		4A7FCF06221B94F300CD6876 /* ZDDTabBarController.m in Sources */ = {isa = PBXBuildFile; fileRef = 4A7FCF05221B94F300CD6876 /* ZDDTabBarController.m */; };
		4AF49DB4221A8A18004F45EB /* TEMPAppDelegate.m in Sources */ = {isa = PBXBuildFile; fileRef = 4AF49DB3221A8A18004F45EB /* TEMPAppDelegate.m */; };
		4AF49DBC221A8A29004F45EB /* Assets.xcassets in Resources */ = {isa = PBXBuildFile; fileRef = 4AF49DBB221A8A29004F45EB /* Assets.xcassets */; };
		4AF49DBF221A8A29004F45EB /* LaunchScreen.storyboard in Resources */ = {isa = PBXBuildFile; fileRef = 4AF49DBD221A8A29004F45EB /* LaunchScreen.storyboard */; };
		4AF49DC2221A8A29004F45EB /* main.m in Sources */ = {isa = PBXBuildFile; fileRef = 4AF49DC1221A8A29004F45EB /* main.m */; };
		4AF49DCD221A8EE2004F45EB /* TEMPLaunchManager.m in Sources */ = {isa = PBXBuildFile; fileRef = 4AF49DCC221A8EE2004F45EB /* TEMPLaunchManager.m */; };
		4AF49DD5221A8FE3004F45EB /* TEMPKeyConfiguration.m in Sources */ = {isa = PBXBuildFile; fileRef = 4AF49DD4221A8FE3004F45EB /* TEMPKeyConfiguration.m */; };
		4AF49DD8221A90DE004F45EB /* TEMPSDKManager.m in Sources */ = {isa = PBXBuildFile; fileRef = 4AF49DD7221A90DE004F45EB /* TEMPSDKManager.m */; };
		4AF49DDD221A922D004F45EB /* ZDDNotificationName.m in Sources */ = {isa = PBXBuildFile; fileRef = 4AF49DDC221A922D004F45EB /* ZDDNotificationName.m */; };
		4AF49DE6221A92B8004F45EB /* NSDictionary+HYBUnicodeReadable.m in Sources */ = {isa = PBXBuildFile; fileRef = 4AF49DDF221A92B7004F45EB /* NSDictionary+HYBUnicodeReadable.m */; };
		4AF49DE7221A92B8004F45EB /* NSArray+HYBUnicodeReadable.m in Sources */ = {isa = PBXBuildFile; fileRef = 4AF49DE2221A92B8004F45EB /* NSArray+HYBUnicodeReadable.m */; };
		4AF49DE8221A92B8004F45EB /* NSSet+HYBUnicodeReadable.m in Sources */ = {isa = PBXBuildFile; fileRef = 4AF49DE4221A92B8004F45EB /* NSSet+HYBUnicodeReadable.m */; };
		4AF49DE9221A92B8004F45EB /* Foundation+Log.m in Sources */ = {isa = PBXBuildFile; fileRef = 4AF49DE5221A92B8004F45EB /* Foundation+Log.m */; };
		4AF49DED221A92F1004F45EB /* UINavigationController+FDFullscreenPopGesture.m in Sources */ = {isa = PBXBuildFile; fileRef = 4AF49DEC221A92F1004F45EB /* UINavigationController+FDFullscreenPopGesture.m */; };
		4AF49DF1221A9307004F45EB /* UIColor+ZDDColor.m in Sources */ = {isa = PBXBuildFile; fileRef = 4AF49DF0221A9307004F45EB /* UIColor+ZDDColor.m */; };
		4AF49DF8221A937A004F45EB /* TEMPAppDelegate+PushService.m in Sources */ = {isa = PBXBuildFile; fileRef = 4AF49DF3221A9379004F45EB /* TEMPAppDelegate+PushService.m */; };
		4AF49DF9221A937A004F45EB /* TEMPAppDelegate+BackgroundTask.m in Sources */ = {isa = PBXBuildFile; fileRef = 4AF49DF4221A9379004F45EB /* TEMPAppDelegate+BackgroundTask.m */; };
		4AF49DFA221A937A004F45EB /* TEMPAppDelegate+OpenURL.m in Sources */ = {isa = PBXBuildFile; fileRef = 4AF49DF5221A937A004F45EB /* TEMPAppDelegate+OpenURL.m */; };
		4AF49DFF221A9944004F45EB /* TEMPBaseViewController.m in Sources */ = {isa = PBXBuildFile; fileRef = 4AF49DFE221A9944004F45EB /* TEMPBaseViewController.m */; };
		4AF49E02221A9977004F45EB /* TEMPBaseTabViewController.m in Sources */ = {isa = PBXBuildFile; fileRef = 4AF49E01221A9977004F45EB /* TEMPBaseTabViewController.m */; };
		4AF49E0A221A9AD3004F45EB /* ZDDOneTabController.m in Sources */ = {isa = PBXBuildFile; fileRef = 4AF49E09221A9AD3004F45EB /* ZDDOneTabController.m */; };
		4AF49E0D221A9AFD004F45EB /* ZDDTwoTabController.m in Sources */ = {isa = PBXBuildFile; fileRef = 4AF49E0C221A9AFD004F45EB /* ZDDTwoTabController.m */; };
		4AF49E10221A9B0E004F45EB /* ZDDThreeTabController.m in Sources */ = {isa = PBXBuildFile; fileRef = 4AF49E0F221A9B0E004F45EB /* ZDDThreeTabController.m */; };
		4AF49E13221A9B1A004F45EB /* ZDDFourTabController.m in Sources */ = {isa = PBXBuildFile; fileRef = 4AF49E12221A9B1A004F45EB /* ZDDFourTabController.m */; };
		4AF49E17221A9E58004F45EB /* ZDDThemeConfiguration.m in Sources */ = {isa = PBXBuildFile; fileRef = 4AF49E16221A9E58004F45EB /* ZDDThemeConfiguration.m */; };
		750E6B172222B8D4001A72BC /* ZDDDetailHeader1TableViewCell.m in Sources */ = {isa = PBXBuildFile; fileRef = 750E6B162222B8D4001A72BC /* ZDDDetailHeader1TableViewCell.m */; };
		750E6B1A2222B8ED001A72BC /* ZDDDetailHeader2TableViewCell.m in Sources */ = {isa = PBXBuildFile; fileRef = 750E6B192222B8ED001A72BC /* ZDDDetailHeader2TableViewCell.m */; };
		750E6B1D2222B904001A72BC /* ZDDCommentTableViewCell.m in Sources */ = {isa = PBXBuildFile; fileRef = 750E6B1C2222B904001A72BC /* ZDDCommentTableViewCell.m */; };
		750E6B2222240D07001A72BC /* ZDDWDTwoViewController.m in Sources */ = {isa = PBXBuildFile; fileRef = 750E6B2122240D07001A72BC /* ZDDWDTwoViewController.m */; };
		750E6B2522240D14001A72BC /* ZDDWDOneViewController.m in Sources */ = {isa = PBXBuildFile; fileRef = 750E6B2422240D14001A72BC /* ZDDWDOneViewController.m */; };
		750E6B2B222444E0001A72BC /* ZDDNavigationViewController.m in Sources */ = {isa = PBXBuildFile; fileRef = 750E6B2A222444E0001A72BC /* ZDDNavigationViewController.m */; };
		751099BF22226BC600AE12AF /* ZDDQR0TableViewCell.m in Sources */ = {isa = PBXBuildFile; fileRef = 751099BE22226BC600AE12AF /* ZDDQR0TableViewCell.m */; };
		751099C2222281E400AE12AF /* ZDDDataModel.m in Sources */ = {isa = PBXBuildFile; fileRef = 751099C1222281E400AE12AF /* ZDDDataModel.m */; };
		7554A27F2220C18900F7F099 /* ZDDWDFBViewController.m in Sources */ = {isa = PBXBuildFile; fileRef = 7554A27E2220C18900F7F099 /* ZDDWDFBViewController.m */; };
		7554A2842220C1F400F7F099 /* ZDDFBViewController.m in Sources */ = {isa = PBXBuildFile; fileRef = 7554A2832220C1F300F7F099 /* ZDDFBViewController.m */; };
		7554A2882220C20A00F7F099 /* ZDDQRDetailViewController.m in Sources */ = {isa = PBXBuildFile; fileRef = 7554A2862220C20A00F7F099 /* ZDDQRDetailViewController.m */; };
		7554A28D2220C22F00F7F099 /* ZDDQRModel.m in Sources */ = {isa = PBXBuildFile; fileRef = 7554A28C2220C22E00F7F099 /* ZDDQRModel.m */; };
		7554A2922220C23E00F7F099 /* ZDDQR1TableViewCell.m in Sources */ = {isa = PBXBuildFile; fileRef = 7554A28F2220C23D00F7F099 /* ZDDQR1TableViewCell.m */; };
		7554A2932220C23E00F7F099 /* ZDDQR2TableViewCell.m in Sources */ = {isa = PBXBuildFile; fileRef = 7554A2902220C23D00F7F099 /* ZDDQR2TableViewCell.m */; };
		9A592D327C8F6F7C4FABCD74 /* libPods-WriteToYou.a in Frameworks */ = {isa = PBXBuildFile; fileRef = 91BE538803D042BD4B754A12 /* libPods-WriteToYou.a */; };
/* End PBXBuildFile section */

/* Begin PBXFileReference section */
		371F07AD221D49AB00453357 /* ZDDThreeLinesCell.h */ = {isa = PBXFileReference; lastKnownFileType = sourcecode.c.h; path = ZDDThreeLinesCell.h; sourceTree = "<group>"; };
		371F07AE221D49AB00453357 /* ZDDThreeLinesCell.m */ = {isa = PBXFileReference; lastKnownFileType = sourcecode.c.objc; path = ZDDThreeLinesCell.m; sourceTree = "<group>"; };
		371F07B0221D4DC900453357 /* PrefixHeader.pch */ = {isa = PBXFileReference; lastKnownFileType = sourcecode.c.h; path = PrefixHeader.pch; sourceTree = "<group>"; };
		371F07B1221D51BA00453357 /* ZDDThreeLineModel.h */ = {isa = PBXFileReference; lastKnownFileType = sourcecode.c.h; path = ZDDThreeLineModel.h; sourceTree = "<group>"; };
		371F07B2221D51BA00453357 /* ZDDThreeLineModel.m */ = {isa = PBXFileReference; lastKnownFileType = sourcecode.c.objc; path = ZDDThreeLineModel.m; sourceTree = "<group>"; };
		371F7296221E3D76001DEC05 /* ZDDThreeLineCardView.h */ = {isa = PBXFileReference; lastKnownFileType = sourcecode.c.h; path = ZDDThreeLineCardView.h; sourceTree = "<group>"; };
		371F7297221E3D76001DEC05 /* ZDDThreeLineCardView.m */ = {isa = PBXFileReference; lastKnownFileType = sourcecode.c.objc; path = ZDDThreeLineCardView.m; sourceTree = "<group>"; };
		371F7299221E8A12001DEC05 /* ZDDSnowView.h */ = {isa = PBXFileReference; lastKnownFileType = sourcecode.c.h; path = ZDDSnowView.h; sourceTree = "<group>"; };
		371F729A221E8A12001DEC05 /* ZDDSnowView.m */ = {isa = PBXFileReference; lastKnownFileType = sourcecode.c.objc; path = ZDDSnowView.m; sourceTree = "<group>"; };
		371F729C221E9097001DEC05 /* ZDDThreeLineCommentView.h */ = {isa = PBXFileReference; lastKnownFileType = sourcecode.c.h; path = ZDDThreeLineCommentView.h; sourceTree = "<group>"; };
		371F729D221E9097001DEC05 /* ZDDThreeLineCommentView.m */ = {isa = PBXFileReference; lastKnownFileType = sourcecode.c.objc; path = ZDDThreeLineCommentView.m; sourceTree = "<group>"; };
		371F729F221E949F001DEC05 /* ZDDInputView.h */ = {isa = PBXFileReference; lastKnownFileType = sourcecode.c.h; path = ZDDInputView.h; sourceTree = "<group>"; };
		371F72A0221E949F001DEC05 /* ZDDInputView.m */ = {isa = PBXFileReference; lastKnownFileType = sourcecode.c.objc; path = ZDDInputView.m; sourceTree = "<group>"; };
		371F72A3221E990A001DEC05 /* UIView+ZDD.m */ = {isa = PBXFileReference; fileEncoding = 4; lastKnownFileType = sourcecode.c.objc; path = "UIView+ZDD.m"; sourceTree = "<group>"; };
		371F72A4221E990A001DEC05 /* UIView+ZDD.h */ = {isa = PBXFileReference; fileEncoding = 4; lastKnownFileType = sourcecode.c.h; path = "UIView+ZDD.h"; sourceTree = "<group>"; };
		371F72A6221E9C63001DEC05 /* ZDDThreeLineCommentCellNode.h */ = {isa = PBXFileReference; lastKnownFileType = sourcecode.c.h; path = ZDDThreeLineCommentCellNode.h; sourceTree = "<group>"; };
		371F72A7221E9C63001DEC05 /* ZDDThreeLineCommentCellNode.m */ = {isa = PBXFileReference; lastKnownFileType = sourcecode.c.objc; path = ZDDThreeLineCommentCellNode.m; sourceTree = "<group>"; };
		371F72AC221EA895001DEC05 /* NSMutableDictionary+Attributes.h */ = {isa = PBXFileReference; fileEncoding = 4; lastKnownFileType = sourcecode.c.h; path = "NSMutableDictionary+Attributes.h"; sourceTree = "<group>"; };
		371F72AD221EA895001DEC05 /* NSMutableAttributedString+Chain.m */ = {isa = PBXFileReference; fileEncoding = 4; lastKnownFileType = sourcecode.c.objc; path = "NSMutableAttributedString+Chain.m"; sourceTree = "<group>"; };
		371F72AE221EA896001DEC05 /* NSMutableAttributedString+Chain.h */ = {isa = PBXFileReference; fileEncoding = 4; lastKnownFileType = sourcecode.c.h; path = "NSMutableAttributedString+Chain.h"; sourceTree = "<group>"; };
		371F72AF221EA896001DEC05 /* NSMutableDictionary+Attributes.m */ = {isa = PBXFileReference; fileEncoding = 4; lastKnownFileType = sourcecode.c.objc; path = "NSMutableDictionary+Attributes.m"; sourceTree = "<group>"; };
		37E3E01722217FFA0088FCE4 /* UIImage+ImageEffects.h */ = {isa = PBXFileReference; fileEncoding = 4; lastKnownFileType = sourcecode.c.h; path = "UIImage+ImageEffects.h"; sourceTree = "<group>"; };
		37E3E01822217FFA0088FCE4 /* MODropAlertView.h */ = {isa = PBXFileReference; fileEncoding = 4; lastKnownFileType = sourcecode.c.h; path = MODropAlertView.h; sourceTree = "<group>"; };
		37E3E01922217FFA0088FCE4 /* MODropAlertView.m */ = {isa = PBXFileReference; fileEncoding = 4; lastKnownFileType = sourcecode.c.objc; path = MODropAlertView.m; sourceTree = "<group>"; };
		37E3E01A22217FFA0088FCE4 /* UIImage+ImageEffects.m */ = {isa = PBXFileReference; fileEncoding = 4; lastKnownFileType = sourcecode.c.objc; path = "UIImage+ImageEffects.m"; sourceTree = "<group>"; };
		37F5E28E2222BA2E004C841E /* ZDDPoemModel.h */ = {isa = PBXFileReference; lastKnownFileType = sourcecode.c.h; path = ZDDPoemModel.h; sourceTree = "<group>"; };
		37F5E28F2222BA2E004C841E /* ZDDPoemModel.m */ = {isa = PBXFileReference; lastKnownFileType = sourcecode.c.objc; path = ZDDPoemModel.m; sourceTree = "<group>"; };
		37F5E2912222C0BC004C841E /* UIWindow+Tools.m */ = {isa = PBXFileReference; fileEncoding = 4; lastKnownFileType = sourcecode.c.objc; path = "UIWindow+Tools.m"; sourceTree = "<group>"; };
		37F5E2922222C0BC004C841E /* UIWindow+Tools.h */ = {isa = PBXFileReference; fileEncoding = 4; lastKnownFileType = sourcecode.c.h; path = "UIWindow+Tools.h"; sourceTree = "<group>"; };
		37FA53CA221F89EB00E5C5A9 /* ZDDLogController.h */ = {isa = PBXFileReference; lastKnownFileType = sourcecode.c.h; path = ZDDLogController.h; sourceTree = "<group>"; };
		37FA53CB221F89EB00E5C5A9 /* ZDDLogController.m */ = {isa = PBXFileReference; lastKnownFileType = sourcecode.c.objc; path = ZDDLogController.m; sourceTree = "<group>"; };
		37FA53CE221F9F0900E5C5A9 /* POPMath.h */ = {isa = PBXFileReference; fileEncoding = 4; lastKnownFileType = sourcecode.c.h; path = POPMath.h; sourceTree = "<group>"; };
		37FA53CF221F9F0900E5C5A9 /* POPDefines.h */ = {isa = PBXFileReference; fileEncoding = 4; lastKnownFileType = sourcecode.c.h; path = POPDefines.h; sourceTree = "<group>"; };
		37FA53D0221F9F0900E5C5A9 /* POPAnimationInternal.h */ = {isa = PBXFileReference; fileEncoding = 4; lastKnownFileType = sourcecode.c.h; path = POPAnimationInternal.h; sourceTree = "<group>"; };
		37FA53D1221F9F0900E5C5A9 /* POPAnimationExtras.h */ = {isa = PBXFileReference; fileEncoding = 4; lastKnownFileType = sourcecode.c.h; path = POPAnimationExtras.h; sourceTree = "<group>"; };
		37FA53D2221F9F0900E5C5A9 /* POPAnimationEvent.h */ = {isa = PBXFileReference; fileEncoding = 4; lastKnownFileType = sourcecode.c.h; path = POPAnimationEvent.h; sourceTree = "<group>"; };
		37FA53D3221F9F0900E5C5A9 /* POPBasicAnimationInternal.h */ = {isa = PBXFileReference; fileEncoding = 4; lastKnownFileType = sourcecode.c.h; path = POPBasicAnimationInternal.h; sourceTree = "<group>"; };
		37FA53D4221F9F0900E5C5A9 /* POPCGUtils.mm */ = {isa = PBXFileReference; fileEncoding = 4; lastKnownFileType = sourcecode.cpp.objcpp; path = POPCGUtils.mm; sourceTree = "<group>"; };
		37FA53D5221F9F0900E5C5A9 /* POPPropertyAnimationInternal.h */ = {isa = PBXFileReference; fileEncoding = 4; lastKnownFileType = sourcecode.c.h; path = POPPropertyAnimationInternal.h; sourceTree = "<group>"; };
		37FA53D6221F9F0900E5C5A9 /* pop-ios-Info.plist */ = {isa = PBXFileReference; fileEncoding = 4; lastKnownFileType = text.plist.xml; path = "pop-ios-Info.plist"; sourceTree = "<group>"; };
		37FA53D7221F9F0900E5C5A9 /* POPDecayAnimationInternal.h */ = {isa = PBXFileReference; fileEncoding = 4; lastKnownFileType = sourcecode.c.h; path = POPDecayAnimationInternal.h; sourceTree = "<group>"; };
		37FA53D8221F9F0900E5C5A9 /* POPSpringAnimation.h */ = {isa = PBXFileReference; fileEncoding = 4; lastKnownFileType = sourcecode.c.h; path = POPSpringAnimation.h; sourceTree = "<group>"; };
		37FA53D9221F9F0900E5C5A9 /* POPBasicAnimation.h */ = {isa = PBXFileReference; fileEncoding = 4; lastKnownFileType = sourcecode.c.h; path = POPBasicAnimation.h; sourceTree = "<group>"; };
		37FA53DA221F9F0900E5C5A9 /* POPMath.mm */ = {isa = PBXFileReference; fileEncoding = 4; lastKnownFileType = sourcecode.cpp.objcpp; path = POPMath.mm; sourceTree = "<group>"; };
		37FA53DB221F9F0900E5C5A9 /* POPAnimationPrivate.h */ = {isa = PBXFileReference; fileEncoding = 4; lastKnownFileType = sourcecode.c.h; path = POPAnimationPrivate.h; sourceTree = "<group>"; };
		37FA53DC221F9F0900E5C5A9 /* POPAction.h */ = {isa = PBXFileReference; fileEncoding = 4; lastKnownFileType = sourcecode.c.h; path = POPAction.h; sourceTree = "<group>"; };
		37FA53DD221F9F0900E5C5A9 /* POPSpringAnimation.mm */ = {isa = PBXFileReference; fileEncoding = 4; lastKnownFileType = sourcecode.cpp.objcpp; path = POPSpringAnimation.mm; sourceTree = "<group>"; };
		37FA53DE221F9F0900E5C5A9 /* POPCustomAnimation.mm */ = {isa = PBXFileReference; fileEncoding = 4; lastKnownFileType = sourcecode.cpp.objcpp; path = POPCustomAnimation.mm; sourceTree = "<group>"; };
		37FA53DF221F9F0900E5C5A9 /* POPCustomAnimation.h */ = {isa = PBXFileReference; fileEncoding = 4; lastKnownFileType = sourcecode.c.h; path = POPCustomAnimation.h; sourceTree = "<group>"; };
		37FA53E0221F9F0900E5C5A9 /* POPPropertyAnimation.h */ = {isa = PBXFileReference; fileEncoding = 4; lastKnownFileType = sourcecode.c.h; path = POPPropertyAnimation.h; sourceTree = "<group>"; };
		37FA53E1221F9F0900E5C5A9 /* POPAnimationTracer.mm */ = {isa = PBXFileReference; fileEncoding = 4; lastKnownFileType = sourcecode.cpp.objcpp; path = POPAnimationTracer.mm; sourceTree = "<group>"; };
		37FA53E2221F9F0900E5C5A9 /* POPCGUtils.h */ = {isa = PBXFileReference; fileEncoding = 4; lastKnownFileType = sourcecode.c.h; path = POPCGUtils.h; sourceTree = "<group>"; };
		37FA53E3221F9F0900E5C5A9 /* POPAnimationExtras.mm */ = {isa = PBXFileReference; fileEncoding = 4; lastKnownFileType = sourcecode.cpp.objcpp; path = POPAnimationExtras.mm; sourceTree = "<group>"; };
		37FA53E4221F9F0900E5C5A9 /* pop-tvos-Info.plist */ = {isa = PBXFileReference; fileEncoding = 4; lastKnownFileType = text.plist.xml; path = "pop-tvos-Info.plist"; sourceTree = "<group>"; };
		37FA53E5221F9F0900E5C5A9 /* POPGeometry.h */ = {isa = PBXFileReference; fileEncoding = 4; lastKnownFileType = sourcecode.c.h; path = POPGeometry.h; sourceTree = "<group>"; };
		37FA53E6221F9F0900E5C5A9 /* POPDecayAnimation.mm */ = {isa = PBXFileReference; fileEncoding = 4; lastKnownFileType = sourcecode.cpp.objcpp; path = POPDecayAnimation.mm; sourceTree = "<group>"; };
		37FA53E7221F9F0900E5C5A9 /* POPSpringAnimationInternal.h */ = {isa = PBXFileReference; fileEncoding = 4; lastKnownFileType = sourcecode.c.h; path = POPSpringAnimationInternal.h; sourceTree = "<group>"; };
		37FA53E8221F9F0900E5C5A9 /* pop-osx-Info.plist */ = {isa = PBXFileReference; fileEncoding = 4; lastKnownFileType = text.plist.xml; path = "pop-osx-Info.plist"; sourceTree = "<group>"; };
		37FA53E9221F9F0900E5C5A9 /* POPDecayAnimation.h */ = {isa = PBXFileReference; fileEncoding = 4; lastKnownFileType = sourcecode.c.h; path = POPDecayAnimation.h; sourceTree = "<group>"; };
		37FA53EA221F9F0900E5C5A9 /* POPSpringSolver.h */ = {isa = PBXFileReference; fileEncoding = 4; lastKnownFileType = sourcecode.c.h; path = POPSpringSolver.h; sourceTree = "<group>"; };
		37FA53EB221F9F0900E5C5A9 /* POPAnimatableProperty.h */ = {isa = PBXFileReference; fileEncoding = 4; lastKnownFileType = sourcecode.c.h; path = POPAnimatableProperty.h; sourceTree = "<group>"; };
		37FA53EC221F9F0900E5C5A9 /* POPAnimator.h */ = {isa = PBXFileReference; fileEncoding = 4; lastKnownFileType = sourcecode.c.h; path = POPAnimator.h; sourceTree = "<group>"; };
		37FA53ED221F9F0900E5C5A9 /* POPAnimationRuntime.h */ = {isa = PBXFileReference; fileEncoding = 4; lastKnownFileType = sourcecode.c.h; path = POPAnimationRuntime.h; sourceTree = "<group>"; };
		37FA53EE221F9F0900E5C5A9 /* POP.h */ = {isa = PBXFileReference; fileEncoding = 4; lastKnownFileType = sourcecode.c.h; path = POP.h; sourceTree = "<group>"; };
		37FA53EF221F9F0900E5C5A9 /* POPPropertyAnimation.mm */ = {isa = PBXFileReference; fileEncoding = 4; lastKnownFileType = sourcecode.cpp.objcpp; path = POPPropertyAnimation.mm; sourceTree = "<group>"; };
		37FA53F0221F9F0900E5C5A9 /* POPLayerExtras.h */ = {isa = PBXFileReference; fileEncoding = 4; lastKnownFileType = sourcecode.c.h; path = POPLayerExtras.h; sourceTree = "<group>"; };
		37FA53F1221F9F0900E5C5A9 /* POPAnimation.mm */ = {isa = PBXFileReference; fileEncoding = 4; lastKnownFileType = sourcecode.cpp.objcpp; path = POPAnimation.mm; sourceTree = "<group>"; };
		37FA53F2221F9F0900E5C5A9 /* POPGeometry.mm */ = {isa = PBXFileReference; fileEncoding = 4; lastKnownFileType = sourcecode.cpp.objcpp; path = POPGeometry.mm; sourceTree = "<group>"; };
		37FA53F3221F9F0900E5C5A9 /* POPBasicAnimation.mm */ = {isa = PBXFileReference; fileEncoding = 4; lastKnownFileType = sourcecode.cpp.objcpp; path = POPBasicAnimation.mm; sourceTree = "<group>"; };
		37FA53F5221F9F0900E5C5A9 /* TransformationMatrix.mm */ = {isa = PBXFileReference; fileEncoding = 4; lastKnownFileType = sourcecode.cpp.objcpp; path = TransformationMatrix.mm; sourceTree = "<group>"; };
		37FA53F6221F9F0900E5C5A9 /* TransformationMatrix.h */ = {isa = PBXFileReference; fileEncoding = 4; lastKnownFileType = sourcecode.c.h; path = TransformationMatrix.h; sourceTree = "<group>"; };
		37FA53F7221F9F0900E5C5A9 /* FloatConversion.h */ = {isa = PBXFileReference; fileEncoding = 4; lastKnownFileType = sourcecode.c.h; path = FloatConversion.h; sourceTree = "<group>"; };
		37FA53F8221F9F0900E5C5A9 /* UnitBezier.h */ = {isa = PBXFileReference; fileEncoding = 4; lastKnownFileType = sourcecode.c.h; path = UnitBezier.h; sourceTree = "<group>"; };
		37FA53F9221F9F0900E5C5A9 /* POPAnimationTracerInternal.h */ = {isa = PBXFileReference; fileEncoding = 4; lastKnownFileType = sourcecode.c.h; path = POPAnimationTracerInternal.h; sourceTree = "<group>"; };
		37FA53FA221F9F0900E5C5A9 /* POPAnimationEventInternal.h */ = {isa = PBXFileReference; fileEncoding = 4; lastKnownFileType = sourcecode.c.h; path = POPAnimationEventInternal.h; sourceTree = "<group>"; };
		37FA53FB221F9F0900E5C5A9 /* POPAnimator.mm */ = {isa = PBXFileReference; fileEncoding = 4; lastKnownFileType = sourcecode.cpp.objcpp; path = POPAnimator.mm; sourceTree = "<group>"; };
		37FA53FC221F9F0900E5C5A9 /* POPAnimatableProperty.mm */ = {isa = PBXFileReference; fileEncoding = 4; lastKnownFileType = sourcecode.cpp.objcpp; path = POPAnimatableProperty.mm; sourceTree = "<group>"; };
		37FA53FD221F9F0900E5C5A9 /* POPAnimation.h */ = {isa = PBXFileReference; fileEncoding = 4; lastKnownFileType = sourcecode.c.h; path = POPAnimation.h; sourceTree = "<group>"; };
		37FA53FE221F9F0900E5C5A9 /* module.modulemap */ = {isa = PBXFileReference; fileEncoding = 4; lastKnownFileType = "sourcecode.module-map"; path = module.modulemap; sourceTree = "<group>"; };
		37FA53FF221F9F0900E5C5A9 /* POPAnimationRuntime.mm */ = {isa = PBXFileReference; fileEncoding = 4; lastKnownFileType = sourcecode.cpp.objcpp; path = POPAnimationRuntime.mm; sourceTree = "<group>"; };
		37FA5400221F9F0900E5C5A9 /* POPAnimationEvent.mm */ = {isa = PBXFileReference; fileEncoding = 4; lastKnownFileType = sourcecode.cpp.objcpp; path = POPAnimationEvent.mm; sourceTree = "<group>"; };
		37FA5401221F9F0900E5C5A9 /* POPLayerExtras.mm */ = {isa = PBXFileReference; fileEncoding = 4; lastKnownFileType = sourcecode.cpp.objcpp; path = POPLayerExtras.mm; sourceTree = "<group>"; };
		37FA5402221F9F0900E5C5A9 /* POPVector.mm */ = {isa = PBXFileReference; fileEncoding = 4; lastKnownFileType = sourcecode.cpp.objcpp; path = POPVector.mm; sourceTree = "<group>"; };
		37FA5403221F9F0900E5C5A9 /* POPVector.h */ = {isa = PBXFileReference; fileEncoding = 4; lastKnownFileType = sourcecode.c.h; path = POPVector.h; sourceTree = "<group>"; };
		37FA5404221F9F0900E5C5A9 /* POPAnimatorPrivate.h */ = {isa = PBXFileReference; fileEncoding = 4; lastKnownFileType = sourcecode.c.h; path = POPAnimatorPrivate.h; sourceTree = "<group>"; };
		37FA5405221F9F0900E5C5A9 /* POPAnimationTracer.h */ = {isa = PBXFileReference; fileEncoding = 4; lastKnownFileType = sourcecode.c.h; path = POPAnimationTracer.h; sourceTree = "<group>"; };
		37FA541F221FC2DD00E5C5A9 /* ZDDUserModel.h */ = {isa = PBXFileReference; lastKnownFileType = sourcecode.c.h; path = ZDDUserModel.h; sourceTree = "<group>"; };
		37FA5420221FC2DD00E5C5A9 /* ZDDUserModel.m */ = {isa = PBXFileReference; lastKnownFileType = sourcecode.c.objc; path = ZDDUserModel.m; sourceTree = "<group>"; };
		37FA5422221FC32300E5C5A9 /* ZDDUserTool.h */ = {isa = PBXFileReference; lastKnownFileType = sourcecode.c.h; path = ZDDUserTool.h; sourceTree = "<group>"; };
		37FA5423221FC32300E5C5A9 /* ZDDUserTool.m */ = {isa = PBXFileReference; lastKnownFileType = sourcecode.c.objc; path = ZDDUserTool.m; sourceTree = "<group>"; };
		37FA5425221FD28100E5C5A9 /* NSString+Regex.m */ = {isa = PBXFileReference; fileEncoding = 4; lastKnownFileType = sourcecode.c.objc; path = "NSString+Regex.m"; sourceTree = "<group>"; };
		37FA5426221FD28200E5C5A9 /* NSString+Regex.h */ = {isa = PBXFileReference; fileEncoding = 4; lastKnownFileType = sourcecode.c.h; path = "NSString+Regex.h"; sourceTree = "<group>"; };
		37FA5428221FE7BF00E5C5A9 /* ZDDPostThreeLineController.h */ = {isa = PBXFileReference; lastKnownFileType = sourcecode.c.h; path = ZDDPostThreeLineController.h; sourceTree = "<group>"; };
		37FA5429221FE7BF00E5C5A9 /* ZDDPostThreeLineController.m */ = {isa = PBXFileReference; lastKnownFileType = sourcecode.c.objc; path = ZDDPostThreeLineController.m; sourceTree = "<group>"; };
		4A275554221E3D14003689F6 /* UIImage+Blur.h */ = {isa = PBXFileReference; fileEncoding = 4; lastKnownFileType = sourcecode.c.h; path = "UIImage+Blur.h"; sourceTree = "<group>"; };
		4A275555221E3D14003689F6 /* UIImage+Blur.m */ = {isa = PBXFileReference; fileEncoding = 4; lastKnownFileType = sourcecode.c.objc; path = "UIImage+Blur.m"; sourceTree = "<group>"; };
		4A275558221E3DA3003689F6 /* ZDDYZXSViewController.h */ = {isa = PBXFileReference; lastKnownFileType = sourcecode.c.h; path = ZDDYZXSViewController.h; sourceTree = "<group>"; };
		4A275559221E3DA3003689F6 /* ZDDYZXSViewController.m */ = {isa = PBXFileReference; lastKnownFileType = sourcecode.c.objc; path = ZDDYZXSViewController.m; sourceTree = "<group>"; };
		4A275560221E9708003689F6 /* ZDDPersonHeadTableViewCell.h */ = {isa = PBXFileReference; lastKnownFileType = sourcecode.c.h; path = ZDDPersonHeadTableViewCell.h; sourceTree = "<group>"; };
		4A275561221E9708003689F6 /* ZDDPersonHeadTableViewCell.m */ = {isa = PBXFileReference; lastKnownFileType = sourcecode.c.objc; path = ZDDPersonHeadTableViewCell.m; sourceTree = "<group>"; };
		4A275563221E9715003689F6 /* ZDDPersonSettingTableViewCell.h */ = {isa = PBXFileReference; lastKnownFileType = sourcecode.c.h; path = ZDDPersonSettingTableViewCell.h; sourceTree = "<group>"; };
		4A275564221E9715003689F6 /* ZDDPersonSettingTableViewCell.m */ = {isa = PBXFileReference; lastKnownFileType = sourcecode.c.objc; path = ZDDPersonSettingTableViewCell.m; sourceTree = "<group>"; };
		4A275566221E9CBC003689F6 /* ZDDPersonLogoutTableViewCell.h */ = {isa = PBXFileReference; lastKnownFileType = sourcecode.c.h; path = ZDDPersonLogoutTableViewCell.h; sourceTree = "<group>"; };
		4A275567221E9CBC003689F6 /* ZDDPersonLogoutTableViewCell.m */ = {isa = PBXFileReference; lastKnownFileType = sourcecode.c.objc; path = ZDDPersonLogoutTableViewCell.m; sourceTree = "<group>"; };
		4A7FCF04221B94F300CD6876 /* ZDDTabBarController.h */ = {isa = PBXFileReference; lastKnownFileType = sourcecode.c.h; path = ZDDTabBarController.h; sourceTree = "<group>"; };
		4A7FCF05221B94F300CD6876 /* ZDDTabBarController.m */ = {isa = PBXFileReference; lastKnownFileType = sourcecode.c.objc; path = ZDDTabBarController.m; sourceTree = "<group>"; };
		4AF49DAF221A8A18004F45EB /* WriteToYou.app */ = {isa = PBXFileReference; explicitFileType = wrapper.application; includeInIndex = 0; path = WriteToYou.app; sourceTree = BUILT_PRODUCTS_DIR; };
		4AF49DB2221A8A18004F45EB /* TEMPAppDelegate.h */ = {isa = PBXFileReference; lastKnownFileType = sourcecode.c.h; path = TEMPAppDelegate.h; sourceTree = "<group>"; };
		4AF49DB3221A8A18004F45EB /* TEMPAppDelegate.m */ = {isa = PBXFileReference; lastKnownFileType = sourcecode.c.objc; path = TEMPAppDelegate.m; sourceTree = "<group>"; };
		4AF49DBB221A8A29004F45EB /* Assets.xcassets */ = {isa = PBXFileReference; lastKnownFileType = folder.assetcatalog; path = Assets.xcassets; sourceTree = "<group>"; };
		4AF49DBE221A8A29004F45EB /* Base */ = {isa = PBXFileReference; lastKnownFileType = file.storyboard; name = Base; path = Base.lproj/LaunchScreen.storyboard; sourceTree = "<group>"; };
		4AF49DC0221A8A29004F45EB /* Info.plist */ = {isa = PBXFileReference; lastKnownFileType = text.plist.xml; path = Info.plist; sourceTree = "<group>"; };
		4AF49DC1221A8A29004F45EB /* main.m */ = {isa = PBXFileReference; lastKnownFileType = sourcecode.c.objc; path = main.m; sourceTree = "<group>"; };
		4AF49DCB221A8EE2004F45EB /* TEMPLaunchManager.h */ = {isa = PBXFileReference; lastKnownFileType = sourcecode.c.h; path = TEMPLaunchManager.h; sourceTree = "<group>"; };
		4AF49DCC221A8EE2004F45EB /* TEMPLaunchManager.m */ = {isa = PBXFileReference; lastKnownFileType = sourcecode.c.objc; path = TEMPLaunchManager.m; sourceTree = "<group>"; };
		4AF49DD1221A8F89004F45EB /* TEMPMacro.h */ = {isa = PBXFileReference; fileEncoding = 4; lastKnownFileType = sourcecode.c.h; path = TEMPMacro.h; sourceTree = "<group>"; };
		4AF49DD3221A8FE3004F45EB /* TEMPKeyConfiguration.h */ = {isa = PBXFileReference; lastKnownFileType = sourcecode.c.h; path = TEMPKeyConfiguration.h; sourceTree = "<group>"; };
		4AF49DD4221A8FE3004F45EB /* TEMPKeyConfiguration.m */ = {isa = PBXFileReference; lastKnownFileType = sourcecode.c.objc; path = TEMPKeyConfiguration.m; sourceTree = "<group>"; };
		4AF49DD6221A90DE004F45EB /* TEMPSDKManager.h */ = {isa = PBXFileReference; lastKnownFileType = sourcecode.c.h; path = TEMPSDKManager.h; sourceTree = "<group>"; };
		4AF49DD7221A90DE004F45EB /* TEMPSDKManager.m */ = {isa = PBXFileReference; lastKnownFileType = sourcecode.c.objc; path = TEMPSDKManager.m; sourceTree = "<group>"; };
		4AF49DDB221A922D004F45EB /* ZDDNotificationName.h */ = {isa = PBXFileReference; lastKnownFileType = sourcecode.c.h; path = ZDDNotificationName.h; sourceTree = "<group>"; };
		4AF49DDC221A922D004F45EB /* ZDDNotificationName.m */ = {isa = PBXFileReference; lastKnownFileType = sourcecode.c.objc; path = ZDDNotificationName.m; sourceTree = "<group>"; };
		4AF49DDF221A92B7004F45EB /* NSDictionary+HYBUnicodeReadable.m */ = {isa = PBXFileReference; fileEncoding = 4; lastKnownFileType = sourcecode.c.objc; path = "NSDictionary+HYBUnicodeReadable.m"; sourceTree = "<group>"; };
		4AF49DE0221A92B7004F45EB /* NSArray+HYBUnicodeReadable.h */ = {isa = PBXFileReference; fileEncoding = 4; lastKnownFileType = sourcecode.c.h; path = "NSArray+HYBUnicodeReadable.h"; sourceTree = "<group>"; };
		4AF49DE1221A92B7004F45EB /* NSDictionary+HYBUnicodeReadable.h */ = {isa = PBXFileReference; fileEncoding = 4; lastKnownFileType = sourcecode.c.h; path = "NSDictionary+HYBUnicodeReadable.h"; sourceTree = "<group>"; };
		4AF49DE2221A92B8004F45EB /* NSArray+HYBUnicodeReadable.m */ = {isa = PBXFileReference; fileEncoding = 4; lastKnownFileType = sourcecode.c.objc; path = "NSArray+HYBUnicodeReadable.m"; sourceTree = "<group>"; };
		4AF49DE3221A92B8004F45EB /* NSSet+HYBUnicodeReadable.h */ = {isa = PBXFileReference; fileEncoding = 4; lastKnownFileType = sourcecode.c.h; path = "NSSet+HYBUnicodeReadable.h"; sourceTree = "<group>"; };
		4AF49DE4221A92B8004F45EB /* NSSet+HYBUnicodeReadable.m */ = {isa = PBXFileReference; fileEncoding = 4; lastKnownFileType = sourcecode.c.objc; path = "NSSet+HYBUnicodeReadable.m"; sourceTree = "<group>"; };
		4AF49DE5221A92B8004F45EB /* Foundation+Log.m */ = {isa = PBXFileReference; fileEncoding = 4; lastKnownFileType = sourcecode.c.objc; path = "Foundation+Log.m"; sourceTree = "<group>"; };
		4AF49DEB221A92F1004F45EB /* UINavigationController+FDFullscreenPopGesture.h */ = {isa = PBXFileReference; fileEncoding = 4; lastKnownFileType = sourcecode.c.h; path = "UINavigationController+FDFullscreenPopGesture.h"; sourceTree = "<group>"; };
		4AF49DEC221A92F1004F45EB /* UINavigationController+FDFullscreenPopGesture.m */ = {isa = PBXFileReference; fileEncoding = 4; lastKnownFileType = sourcecode.c.objc; path = "UINavigationController+FDFullscreenPopGesture.m"; sourceTree = "<group>"; };
		4AF49DEF221A9306004F45EB /* UIColor+ZDDColor.h */ = {isa = PBXFileReference; fileEncoding = 4; lastKnownFileType = sourcecode.c.h; path = "UIColor+ZDDColor.h"; sourceTree = "<group>"; };
		4AF49DF0221A9307004F45EB /* UIColor+ZDDColor.m */ = {isa = PBXFileReference; fileEncoding = 4; lastKnownFileType = sourcecode.c.objc; path = "UIColor+ZDDColor.m"; sourceTree = "<group>"; };
		4AF49DF2221A9378004F45EB /* TEMPAppDelegate+OpenURL.h */ = {isa = PBXFileReference; fileEncoding = 4; lastKnownFileType = sourcecode.c.h; path = "TEMPAppDelegate+OpenURL.h"; sourceTree = "<group>"; };
		4AF49DF3221A9379004F45EB /* TEMPAppDelegate+PushService.m */ = {isa = PBXFileReference; fileEncoding = 4; lastKnownFileType = sourcecode.c.objc; path = "TEMPAppDelegate+PushService.m"; sourceTree = "<group>"; };
		4AF49DF4221A9379004F45EB /* TEMPAppDelegate+BackgroundTask.m */ = {isa = PBXFileReference; fileEncoding = 4; lastKnownFileType = sourcecode.c.objc; path = "TEMPAppDelegate+BackgroundTask.m"; sourceTree = "<group>"; };
		4AF49DF5221A937A004F45EB /* TEMPAppDelegate+OpenURL.m */ = {isa = PBXFileReference; fileEncoding = 4; lastKnownFileType = sourcecode.c.objc; path = "TEMPAppDelegate+OpenURL.m"; sourceTree = "<group>"; };
		4AF49DF6221A937A004F45EB /* TEMPAppDelegate+BackgroundTask.h */ = {isa = PBXFileReference; fileEncoding = 4; lastKnownFileType = sourcecode.c.h; path = "TEMPAppDelegate+BackgroundTask.h"; sourceTree = "<group>"; };
		4AF49DF7221A937A004F45EB /* TEMPAppDelegate+PushService.h */ = {isa = PBXFileReference; fileEncoding = 4; lastKnownFileType = sourcecode.c.h; path = "TEMPAppDelegate+PushService.h"; sourceTree = "<group>"; };
		4AF49DFD221A9944004F45EB /* TEMPBaseViewController.h */ = {isa = PBXFileReference; lastKnownFileType = sourcecode.c.h; path = TEMPBaseViewController.h; sourceTree = "<group>"; };
		4AF49DFE221A9944004F45EB /* TEMPBaseViewController.m */ = {isa = PBXFileReference; lastKnownFileType = sourcecode.c.objc; path = TEMPBaseViewController.m; sourceTree = "<group>"; };
		4AF49E00221A9977004F45EB /* TEMPBaseTabViewController.h */ = {isa = PBXFileReference; lastKnownFileType = sourcecode.c.h; path = TEMPBaseTabViewController.h; sourceTree = "<group>"; };
		4AF49E01221A9977004F45EB /* TEMPBaseTabViewController.m */ = {isa = PBXFileReference; lastKnownFileType = sourcecode.c.objc; path = TEMPBaseTabViewController.m; sourceTree = "<group>"; };
		4AF49E08221A9AD3004F45EB /* ZDDOneTabController.h */ = {isa = PBXFileReference; lastKnownFileType = sourcecode.c.h; path = ZDDOneTabController.h; sourceTree = "<group>"; };
		4AF49E09221A9AD3004F45EB /* ZDDOneTabController.m */ = {isa = PBXFileReference; lastKnownFileType = sourcecode.c.objc; path = ZDDOneTabController.m; sourceTree = "<group>"; };
		4AF49E0B221A9AFD004F45EB /* ZDDTwoTabController.h */ = {isa = PBXFileReference; lastKnownFileType = sourcecode.c.h; path = ZDDTwoTabController.h; sourceTree = "<group>"; };
		4AF49E0C221A9AFD004F45EB /* ZDDTwoTabController.m */ = {isa = PBXFileReference; lastKnownFileType = sourcecode.c.objc; path = ZDDTwoTabController.m; sourceTree = "<group>"; };
		4AF49E0E221A9B0E004F45EB /* ZDDThreeTabController.h */ = {isa = PBXFileReference; lastKnownFileType = sourcecode.c.h; path = ZDDThreeTabController.h; sourceTree = "<group>"; };
		4AF49E0F221A9B0E004F45EB /* ZDDThreeTabController.m */ = {isa = PBXFileReference; lastKnownFileType = sourcecode.c.objc; path = ZDDThreeTabController.m; sourceTree = "<group>"; };
		4AF49E11221A9B1A004F45EB /* ZDDFourTabController.h */ = {isa = PBXFileReference; lastKnownFileType = sourcecode.c.h; path = ZDDFourTabController.h; sourceTree = "<group>"; };
		4AF49E12221A9B1A004F45EB /* ZDDFourTabController.m */ = {isa = PBXFileReference; lastKnownFileType = sourcecode.c.objc; path = ZDDFourTabController.m; sourceTree = "<group>"; };
		4AF49E15221A9E58004F45EB /* ZDDThemeConfiguration.h */ = {isa = PBXFileReference; lastKnownFileType = sourcecode.c.h; path = ZDDThemeConfiguration.h; sourceTree = "<group>"; };
		4AF49E16221A9E58004F45EB /* ZDDThemeConfiguration.m */ = {isa = PBXFileReference; lastKnownFileType = sourcecode.c.objc; path = ZDDThemeConfiguration.m; sourceTree = "<group>"; };
		750E6B152222B8D4001A72BC /* ZDDDetailHeader1TableViewCell.h */ = {isa = PBXFileReference; lastKnownFileType = sourcecode.c.h; path = ZDDDetailHeader1TableViewCell.h; sourceTree = "<group>"; };
		750E6B162222B8D4001A72BC /* ZDDDetailHeader1TableViewCell.m */ = {isa = PBXFileReference; lastKnownFileType = sourcecode.c.objc; path = ZDDDetailHeader1TableViewCell.m; sourceTree = "<group>"; };
		750E6B182222B8ED001A72BC /* ZDDDetailHeader2TableViewCell.h */ = {isa = PBXFileReference; lastKnownFileType = sourcecode.c.h; path = ZDDDetailHeader2TableViewCell.h; sourceTree = "<group>"; };
		750E6B192222B8ED001A72BC /* ZDDDetailHeader2TableViewCell.m */ = {isa = PBXFileReference; lastKnownFileType = sourcecode.c.objc; path = ZDDDetailHeader2TableViewCell.m; sourceTree = "<group>"; };
		750E6B1B2222B904001A72BC /* ZDDCommentTableViewCell.h */ = {isa = PBXFileReference; lastKnownFileType = sourcecode.c.h; path = ZDDCommentTableViewCell.h; sourceTree = "<group>"; };
		750E6B1C2222B904001A72BC /* ZDDCommentTableViewCell.m */ = {isa = PBXFileReference; lastKnownFileType = sourcecode.c.objc; path = ZDDCommentTableViewCell.m; sourceTree = "<group>"; };
		750E6B1E2222E37C001A72BC /* WriteToYou.entitlements */ = {isa = PBXFileReference; lastKnownFileType = text.plist.entitlements; path = WriteToYou.entitlements; sourceTree = "<group>"; };
		750E6B2022240D07001A72BC /* ZDDWDTwoViewController.h */ = {isa = PBXFileReference; lastKnownFileType = sourcecode.c.h; path = ZDDWDTwoViewController.h; sourceTree = "<group>"; };
		750E6B2122240D07001A72BC /* ZDDWDTwoViewController.m */ = {isa = PBXFileReference; lastKnownFileType = sourcecode.c.objc; path = ZDDWDTwoViewController.m; sourceTree = "<group>"; };
		750E6B2322240D14001A72BC /* ZDDWDOneViewController.h */ = {isa = PBXFileReference; lastKnownFileType = sourcecode.c.h; path = ZDDWDOneViewController.h; sourceTree = "<group>"; };
		750E6B2422240D14001A72BC /* ZDDWDOneViewController.m */ = {isa = PBXFileReference; lastKnownFileType = sourcecode.c.objc; path = ZDDWDOneViewController.m; sourceTree = "<group>"; };
		750E6B29222444E0001A72BC /* ZDDNavigationViewController.h */ = {isa = PBXFileReference; lastKnownFileType = sourcecode.c.h; path = ZDDNavigationViewController.h; sourceTree = "<group>"; };
		750E6B2A222444E0001A72BC /* ZDDNavigationViewController.m */ = {isa = PBXFileReference; lastKnownFileType = sourcecode.c.objc; path = ZDDNavigationViewController.m; sourceTree = "<group>"; };
		751099BD22226BC600AE12AF /* ZDDQR0TableViewCell.h */ = {isa = PBXFileReference; lastKnownFileType = sourcecode.c.h; path = ZDDQR0TableViewCell.h; sourceTree = "<group>"; };
		751099BE22226BC600AE12AF /* ZDDQR0TableViewCell.m */ = {isa = PBXFileReference; lastKnownFileType = sourcecode.c.objc; path = ZDDQR0TableViewCell.m; sourceTree = "<group>"; };
		751099C0222281E400AE12AF /* ZDDDataModel.h */ = {isa = PBXFileReference; lastKnownFileType = sourcecode.c.h; path = ZDDDataModel.h; sourceTree = "<group>"; };
		751099C1222281E400AE12AF /* ZDDDataModel.m */ = {isa = PBXFileReference; lastKnownFileType = sourcecode.c.objc; path = ZDDDataModel.m; sourceTree = "<group>"; };
		7554A27D2220C18900F7F099 /* ZDDWDFBViewController.h */ = {isa = PBXFileReference; fileEncoding = 4; lastKnownFileType = sourcecode.c.h; path = ZDDWDFBViewController.h; sourceTree = "<group>"; };
		7554A27E2220C18900F7F099 /* ZDDWDFBViewController.m */ = {isa = PBXFileReference; fileEncoding = 4; lastKnownFileType = sourcecode.c.objc; path = ZDDWDFBViewController.m; sourceTree = "<group>"; };
		7554A2822220C1F300F7F099 /* ZDDFBViewController.h */ = {isa = PBXFileReference; fileEncoding = 4; lastKnownFileType = sourcecode.c.h; path = ZDDFBViewController.h; sourceTree = "<group>"; };
		7554A2832220C1F300F7F099 /* ZDDFBViewController.m */ = {isa = PBXFileReference; fileEncoding = 4; lastKnownFileType = sourcecode.c.objc; path = ZDDFBViewController.m; sourceTree = "<group>"; };
		7554A2862220C20A00F7F099 /* ZDDQRDetailViewController.m */ = {isa = PBXFileReference; fileEncoding = 4; lastKnownFileType = sourcecode.c.objc; path = ZDDQRDetailViewController.m; sourceTree = "<group>"; };
		7554A2872220C20A00F7F099 /* ZDDQRDetailViewController.h */ = {isa = PBXFileReference; fileEncoding = 4; lastKnownFileType = sourcecode.c.h; path = ZDDQRDetailViewController.h; sourceTree = "<group>"; };
		7554A28B2220C22E00F7F099 /* ZDDQRModel.h */ = {isa = PBXFileReference; fileEncoding = 4; lastKnownFileType = sourcecode.c.h; path = ZDDQRModel.h; sourceTree = "<group>"; };
		7554A28C2220C22E00F7F099 /* ZDDQRModel.m */ = {isa = PBXFileReference; fileEncoding = 4; lastKnownFileType = sourcecode.c.objc; path = ZDDQRModel.m; sourceTree = "<group>"; };
		7554A28E2220C23D00F7F099 /* ZDDQR2TableViewCell.h */ = {isa = PBXFileReference; fileEncoding = 4; lastKnownFileType = sourcecode.c.h; path = ZDDQR2TableViewCell.h; sourceTree = "<group>"; };
		7554A28F2220C23D00F7F099 /* ZDDQR1TableViewCell.m */ = {isa = PBXFileReference; fileEncoding = 4; lastKnownFileType = sourcecode.c.objc; path = ZDDQR1TableViewCell.m; sourceTree = "<group>"; };
		7554A2902220C23D00F7F099 /* ZDDQR2TableViewCell.m */ = {isa = PBXFileReference; fileEncoding = 4; lastKnownFileType = sourcecode.c.objc; path = ZDDQR2TableViewCell.m; sourceTree = "<group>"; };
		7554A2912220C23E00F7F099 /* ZDDQR1TableViewCell.h */ = {isa = PBXFileReference; fileEncoding = 4; lastKnownFileType = sourcecode.c.h; path = ZDDQR1TableViewCell.h; sourceTree = "<group>"; };
		7C615778C541EDDE5C5ED866 /* Pods-WriteToYou.release.xcconfig */ = {isa = PBXFileReference; includeInIndex = 1; lastKnownFileType = text.xcconfig; name = "Pods-WriteToYou.release.xcconfig"; path = "Pods/Target Support Files/Pods-WriteToYou/Pods-WriteToYou.release.xcconfig"; sourceTree = "<group>"; };
		915664136FB0004CAE80CFAA /* Pods-WriteToYou.debug.xcconfig */ = {isa = PBXFileReference; includeInIndex = 1; lastKnownFileType = text.xcconfig; name = "Pods-WriteToYou.debug.xcconfig"; path = "Pods/Target Support Files/Pods-WriteToYou/Pods-WriteToYou.debug.xcconfig"; sourceTree = "<group>"; };
		91BE538803D042BD4B754A12 /* libPods-WriteToYou.a */ = {isa = PBXFileReference; explicitFileType = archive.ar; includeInIndex = 0; path = "libPods-WriteToYou.a"; sourceTree = BUILT_PRODUCTS_DIR; };
/* End PBXFileReference section */

/* Begin PBXFrameworksBuildPhase section */
		4AF49DAC221A8A18004F45EB /* Frameworks */ = {
			isa = PBXFrameworksBuildPhase;
			buildActionMask = 2147483647;
			files = (
				9A592D327C8F6F7C4FABCD74 /* libPods-WriteToYou.a in Frameworks */,
			);
			runOnlyForDeploymentPostprocessing = 0;
		};
/* End PBXFrameworksBuildPhase section */

/* Begin PBXGroup section */
		01DE70559657464618DFF58E /* Frameworks */ = {
			isa = PBXGroup;
			children = (
				91BE538803D042BD4B754A12 /* libPods-WriteToYou.a */,
			);
			name = Frameworks;
			sourceTree = "<group>";
		};
		187FE15BD5BCB76666CB2CCD /* Pods */ = {
			isa = PBXGroup;
			children = (
				915664136FB0004CAE80CFAA /* Pods-WriteToYou.debug.xcconfig */,
				7C615778C541EDDE5C5ED866 /* Pods-WriteToYou.release.xcconfig */,
			);
			name = Pods;
			sourceTree = "<group>";
		};
		371F07AA221D497E00453357 /* View */ = {
			isa = PBXGroup;
			children = (
				371F07AD221D49AB00453357 /* ZDDThreeLinesCell.h */,
				371F07AE221D49AB00453357 /* ZDDThreeLinesCell.m */,
				371F7296221E3D76001DEC05 /* ZDDThreeLineCardView.h */,
				371F7297221E3D76001DEC05 /* ZDDThreeLineCardView.m */,
				371F7299221E8A12001DEC05 /* ZDDSnowView.h */,
				371F729A221E8A12001DEC05 /* ZDDSnowView.m */,
				371F729C221E9097001DEC05 /* ZDDThreeLineCommentView.h */,
				371F729D221E9097001DEC05 /* ZDDThreeLineCommentView.m */,
				371F729F221E949F001DEC05 /* ZDDInputView.h */,
				371F72A0221E949F001DEC05 /* ZDDInputView.m */,
				371F72A6221E9C63001DEC05 /* ZDDThreeLineCommentCellNode.h */,
				371F72A7221E9C63001DEC05 /* ZDDThreeLineCommentCellNode.m */,
			);
			path = View;
			sourceTree = "<group>";
		};
		371F07AB221D497E00453357 /* Model */ = {
			isa = PBXGroup;
			children = (
				371F07B1221D51BA00453357 /* ZDDThreeLineModel.h */,
				371F07B2221D51BA00453357 /* ZDDThreeLineModel.m */,
				37F5E28E2222BA2E004C841E /* ZDDPoemModel.h */,
				37F5E28F2222BA2E004C841E /* ZDDPoemModel.m */,
			);
			path = Model;
			sourceTree = "<group>";
		};
		371F07AC221D497E00453357 /* Controller */ = {
			isa = PBXGroup;
			children = (
				4AF49E08221A9AD3004F45EB /* ZDDOneTabController.h */,
				4AF49E09221A9AD3004F45EB /* ZDDOneTabController.m */,
				37FA5428221FE7BF00E5C5A9 /* ZDDPostThreeLineController.h */,
				37FA5429221FE7BF00E5C5A9 /* ZDDPostThreeLineController.m */,
			);
			path = Controller;
			sourceTree = "<group>";
		};
		371F72A2221E98FA001DEC05 /* Category */ = {
			isa = PBXGroup;
			children = (
				37FA5426221FD28200E5C5A9 /* NSString+Regex.h */,
				37FA5425221FD28100E5C5A9 /* NSString+Regex.m */,
				37F5E2922222C0BC004C841E /* UIWindow+Tools.h */,
				37F5E2912222C0BC004C841E /* UIWindow+Tools.m */,
				371F72AE221EA896001DEC05 /* NSMutableAttributedString+Chain.h */,
				371F72AD221EA895001DEC05 /* NSMutableAttributedString+Chain.m */,
				371F72AC221EA895001DEC05 /* NSMutableDictionary+Attributes.h */,
				371F72AF221EA896001DEC05 /* NSMutableDictionary+Attributes.m */,
				750E6B29222444E0001A72BC /* ZDDNavigationViewController.h */,
				750E6B2A222444E0001A72BC /* ZDDNavigationViewController.m */,
			);
			path = Category;
			sourceTree = "<group>";
		};
		37E3E01622217FFA0088FCE4 /* MODropAlert */ = {
			isa = PBXGroup;
			children = (
				37E3E01722217FFA0088FCE4 /* UIImage+ImageEffects.h */,
				37E3E01822217FFA0088FCE4 /* MODropAlertView.h */,
				37E3E01922217FFA0088FCE4 /* MODropAlertView.m */,
				37E3E01A22217FFA0088FCE4 /* UIImage+ImageEffects.m */,
			);
			path = MODropAlert;
			sourceTree = "<group>";
		};
		37FA53C6221F88AC00E5C5A9 /* ZDDLogIn */ = {
			isa = PBXGroup;
			children = (
				37FA53C7221F88AC00E5C5A9 /* Controller */,
				37FA53C8221F88AC00E5C5A9 /* Model */,
				37FA53C9221F88AC00E5C5A9 /* View */,
			);
			path = ZDDLogIn;
			sourceTree = "<group>";
		};
		37FA53C7221F88AC00E5C5A9 /* Controller */ = {
			isa = PBXGroup;
			children = (
				37FA53CA221F89EB00E5C5A9 /* ZDDLogController.h */,
				37FA53CB221F89EB00E5C5A9 /* ZDDLogController.m */,
			);
			path = Controller;
			sourceTree = "<group>";
		};
		37FA53C8221F88AC00E5C5A9 /* Model */ = {
			isa = PBXGroup;
			children = (
				37FA541F221FC2DD00E5C5A9 /* ZDDUserModel.h */,
				37FA5420221FC2DD00E5C5A9 /* ZDDUserModel.m */,
				37FA5422221FC32300E5C5A9 /* ZDDUserTool.h */,
				37FA5423221FC32300E5C5A9 /* ZDDUserTool.m */,
			);
			path = Model;
			sourceTree = "<group>";
		};
		37FA53C9221F88AC00E5C5A9 /* View */ = {
			isa = PBXGroup;
			children = (
			);
			path = View;
			sourceTree = "<group>";
		};
		37FA53CD221F9F0900E5C5A9 /* pop */ = {
			isa = PBXGroup;
			children = (
				37FA53CE221F9F0900E5C5A9 /* POPMath.h */,
				37FA53CF221F9F0900E5C5A9 /* POPDefines.h */,
				37FA53D0221F9F0900E5C5A9 /* POPAnimationInternal.h */,
				37FA53D1221F9F0900E5C5A9 /* POPAnimationExtras.h */,
				37FA53D2221F9F0900E5C5A9 /* POPAnimationEvent.h */,
				37FA53D3221F9F0900E5C5A9 /* POPBasicAnimationInternal.h */,
				37FA53D4221F9F0900E5C5A9 /* POPCGUtils.mm */,
				37FA53D5221F9F0900E5C5A9 /* POPPropertyAnimationInternal.h */,
				37FA53D6221F9F0900E5C5A9 /* pop-ios-Info.plist */,
				37FA53D7221F9F0900E5C5A9 /* POPDecayAnimationInternal.h */,
				37FA53D8221F9F0900E5C5A9 /* POPSpringAnimation.h */,
				37FA53D9221F9F0900E5C5A9 /* POPBasicAnimation.h */,
				37FA53DA221F9F0900E5C5A9 /* POPMath.mm */,
				37FA53DB221F9F0900E5C5A9 /* POPAnimationPrivate.h */,
				37FA53DC221F9F0900E5C5A9 /* POPAction.h */,
				37FA53DD221F9F0900E5C5A9 /* POPSpringAnimation.mm */,
				37FA53DE221F9F0900E5C5A9 /* POPCustomAnimation.mm */,
				37FA53DF221F9F0900E5C5A9 /* POPCustomAnimation.h */,
				37FA53E0221F9F0900E5C5A9 /* POPPropertyAnimation.h */,
				37FA53E1221F9F0900E5C5A9 /* POPAnimationTracer.mm */,
				37FA53E2221F9F0900E5C5A9 /* POPCGUtils.h */,
				37FA53E3221F9F0900E5C5A9 /* POPAnimationExtras.mm */,
				37FA53E4221F9F0900E5C5A9 /* pop-tvos-Info.plist */,
				37FA53E5221F9F0900E5C5A9 /* POPGeometry.h */,
				37FA53E6221F9F0900E5C5A9 /* POPDecayAnimation.mm */,
				37FA53E7221F9F0900E5C5A9 /* POPSpringAnimationInternal.h */,
				37FA53E8221F9F0900E5C5A9 /* pop-osx-Info.plist */,
				37FA53E9221F9F0900E5C5A9 /* POPDecayAnimation.h */,
				37FA53EA221F9F0900E5C5A9 /* POPSpringSolver.h */,
				37FA53EB221F9F0900E5C5A9 /* POPAnimatableProperty.h */,
				37FA53EC221F9F0900E5C5A9 /* POPAnimator.h */,
				37FA53ED221F9F0900E5C5A9 /* POPAnimationRuntime.h */,
				37FA53EE221F9F0900E5C5A9 /* POP.h */,
				37FA53EF221F9F0900E5C5A9 /* POPPropertyAnimation.mm */,
				37FA53F0221F9F0900E5C5A9 /* POPLayerExtras.h */,
				37FA53F1221F9F0900E5C5A9 /* POPAnimation.mm */,
				37FA53F2221F9F0900E5C5A9 /* POPGeometry.mm */,
				37FA53F3221F9F0900E5C5A9 /* POPBasicAnimation.mm */,
				37FA53F4221F9F0900E5C5A9 /* WebCore */,
				37FA53F9221F9F0900E5C5A9 /* POPAnimationTracerInternal.h */,
				37FA53FA221F9F0900E5C5A9 /* POPAnimationEventInternal.h */,
				37FA53FB221F9F0900E5C5A9 /* POPAnimator.mm */,
				37FA53FC221F9F0900E5C5A9 /* POPAnimatableProperty.mm */,
				37FA53FD221F9F0900E5C5A9 /* POPAnimation.h */,
				37FA53FE221F9F0900E5C5A9 /* module.modulemap */,
				37FA53FF221F9F0900E5C5A9 /* POPAnimationRuntime.mm */,
				37FA5400221F9F0900E5C5A9 /* POPAnimationEvent.mm */,
				37FA5401221F9F0900E5C5A9 /* POPLayerExtras.mm */,
				37FA5402221F9F0900E5C5A9 /* POPVector.mm */,
				37FA5403221F9F0900E5C5A9 /* POPVector.h */,
				37FA5404221F9F0900E5C5A9 /* POPAnimatorPrivate.h */,
				37FA5405221F9F0900E5C5A9 /* POPAnimationTracer.h */,
			);
			path = pop;
			sourceTree = "<group>";
		};
		37FA53F4221F9F0900E5C5A9 /* WebCore */ = {
			isa = PBXGroup;
			children = (
				37FA53F5221F9F0900E5C5A9 /* TransformationMatrix.mm */,
				37FA53F6221F9F0900E5C5A9 /* TransformationMatrix.h */,
				37FA53F7221F9F0900E5C5A9 /* FloatConversion.h */,
				37FA53F8221F9F0900E5C5A9 /* UnitBezier.h */,
			);
			path = WebCore;
			sourceTree = "<group>";
		};
		4A275553221E3CF7003689F6 /* UIImageCategory */ = {
			isa = PBXGroup;
			children = (
				4A275554221E3D14003689F6 /* UIImage+Blur.h */,
				4A275555221E3D14003689F6 /* UIImage+Blur.m */,
			);
			path = UIImageCategory;
			sourceTree = "<group>";
		};
		4A275557221E3D3B003689F6 /* ZDDYZXSController */ = {
			isa = PBXGroup;
			children = (
				4A275558221E3DA3003689F6 /* ZDDYZXSViewController.h */,
				4A275559221E3DA3003689F6 /* ZDDYZXSViewController.m */,
			);
			path = ZDDYZXSController;
			sourceTree = "<group>";
		};
		4A27555F221E96DB003689F6 /* View */ = {
			isa = PBXGroup;
			children = (
				4A275560221E9708003689F6 /* ZDDPersonHeadTableViewCell.h */,
				4A275561221E9708003689F6 /* ZDDPersonHeadTableViewCell.m */,
				4A275563221E9715003689F6 /* ZDDPersonSettingTableViewCell.h */,
				4A275564221E9715003689F6 /* ZDDPersonSettingTableViewCell.m */,
				4A275566221E9CBC003689F6 /* ZDDPersonLogoutTableViewCell.h */,
				4A275567221E9CBC003689F6 /* ZDDPersonLogoutTableViewCell.m */,
			);
			path = View;
			sourceTree = "<group>";
		};
		4AF49DA6221A8A18004F45EB = {
			isa = PBXGroup;
			children = (
				4AF49DB1221A8A18004F45EB /* WriteToYou */,
				4AF49DB0221A8A18004F45EB /* Products */,
				187FE15BD5BCB76666CB2CCD /* Pods */,
				01DE70559657464618DFF58E /* Frameworks */,
			);
			sourceTree = "<group>";
		};
		4AF49DB0221A8A18004F45EB /* Products */ = {
			isa = PBXGroup;
			children = (
				4AF49DAF221A8A18004F45EB /* WriteToYou.app */,
			);
			name = Products;
			sourceTree = "<group>";
		};
		4AF49DB1221A8A18004F45EB /* WriteToYou */ = {
			isa = PBXGroup;
			children = (
				750E6B1E2222E37C001A72BC /* WriteToYou.entitlements */,
				4AF49DB2221A8A18004F45EB /* TEMPAppDelegate.h */,
				4AF49DB3221A8A18004F45EB /* TEMPAppDelegate.m */,
				4AF49DCA221A8EC1004F45EB /* Launch */,
				4AF49DC9221A8EBC004F45EB /* SDK */,
				4AF49DC8221A8E12004F45EB /* AppDelegateCategory */,
				4AF49DFB221A95B2004F45EB /* BaseController */,
				4AF49E03221A9A6D004F45EB /* Controller */,
				4AF49DCE221A8F3F004F45EB /* Utils */,
				4AF49DBB221A8A29004F45EB /* Assets.xcassets */,
				4AF49DBD221A8A29004F45EB /* LaunchScreen.storyboard */,
				4AF49DC0221A8A29004F45EB /* Info.plist */,
				371F07B0221D4DC900453357 /* PrefixHeader.pch */,
				4AF49DC1221A8A29004F45EB /* main.m */,
			);
			path = WriteToYou;
			sourceTree = "<group>";
		};
		4AF49DC8221A8E12004F45EB /* AppDelegateCategory */ = {
			isa = PBXGroup;
			children = (
				4AF49DF6221A937A004F45EB /* TEMPAppDelegate+BackgroundTask.h */,
				4AF49DF4221A9379004F45EB /* TEMPAppDelegate+BackgroundTask.m */,
				4AF49DF2221A9378004F45EB /* TEMPAppDelegate+OpenURL.h */,
				4AF49DF5221A937A004F45EB /* TEMPAppDelegate+OpenURL.m */,
				4AF49DF7221A937A004F45EB /* TEMPAppDelegate+PushService.h */,
				4AF49DF3221A9379004F45EB /* TEMPAppDelegate+PushService.m */,
			);
			path = AppDelegateCategory;
			sourceTree = "<group>";
		};
		4AF49DC9221A8EBC004F45EB /* SDK */ = {
			isa = PBXGroup;
			children = (
				4AF49DD6221A90DE004F45EB /* TEMPSDKManager.h */,
				4AF49DD7221A90DE004F45EB /* TEMPSDKManager.m */,
			);
			path = SDK;
			sourceTree = "<group>";
		};
		4AF49DCA221A8EC1004F45EB /* Launch */ = {
			isa = PBXGroup;
			children = (
				4AF49DCB221A8EE2004F45EB /* TEMPLaunchManager.h */,
				4AF49DCC221A8EE2004F45EB /* TEMPLaunchManager.m */,
			);
			path = Launch;
			sourceTree = "<group>";
		};
		4AF49DCE221A8F3F004F45EB /* Utils */ = {
			isa = PBXGroup;
			children = (
				37E3E01622217FFA0088FCE4 /* MODropAlert */,
				37FA53CD221F9F0900E5C5A9 /* pop */,
				371F72A2221E98FA001DEC05 /* Category */,
				4A275553221E3CF7003689F6 /* UIImageCategory */,
				4AF49E14221A9E31004F45EB /* ThemeColorConfiguration */,
				4AF49DEE221A92F7004F45EB /* UIColorCategory */,
				4AF49DEA221A92C2004F45EB /* FullGes */,
				4AF49DDE221A9296004F45EB /* UnicodeLog */,
				4AF49DDA221A91F5004F45EB /* Notification */,
				4AF49DD2221A8FCA004F45EB /* KeyConfiguration */,
				4AF49DCF221A8F70004F45EB /* Macro */,
			);
			path = Utils;
			sourceTree = "<group>";
		};
		4AF49DCF221A8F70004F45EB /* Macro */ = {
			isa = PBXGroup;
			children = (
				371F72A4221E990A001DEC05 /* UIView+ZDD.h */,
				371F72A3221E990A001DEC05 /* UIView+ZDD.m */,
				4AF49DD1221A8F89004F45EB /* TEMPMacro.h */,
			);
			path = Macro;
			sourceTree = "<group>";
		};
		4AF49DD2221A8FCA004F45EB /* KeyConfiguration */ = {
			isa = PBXGroup;
			children = (
				4AF49DD3221A8FE3004F45EB /* TEMPKeyConfiguration.h */,
				4AF49DD4221A8FE3004F45EB /* TEMPKeyConfiguration.m */,
			);
			path = KeyConfiguration;
			sourceTree = "<group>";
		};
		4AF49DDA221A91F5004F45EB /* Notification */ = {
			isa = PBXGroup;
			children = (
				4AF49DDB221A922D004F45EB /* ZDDNotificationName.h */,
				4AF49DDC221A922D004F45EB /* ZDDNotificationName.m */,
			);
			path = Notification;
			sourceTree = "<group>";
		};
		4AF49DDE221A9296004F45EB /* UnicodeLog */ = {
			isa = PBXGroup;
			children = (
				4AF49DE5221A92B8004F45EB /* Foundation+Log.m */,
				4AF49DE0221A92B7004F45EB /* NSArray+HYBUnicodeReadable.h */,
				4AF49DE2221A92B8004F45EB /* NSArray+HYBUnicodeReadable.m */,
				4AF49DE1221A92B7004F45EB /* NSDictionary+HYBUnicodeReadable.h */,
				4AF49DDF221A92B7004F45EB /* NSDictionary+HYBUnicodeReadable.m */,
				4AF49DE3221A92B8004F45EB /* NSSet+HYBUnicodeReadable.h */,
				4AF49DE4221A92B8004F45EB /* NSSet+HYBUnicodeReadable.m */,
			);
			path = UnicodeLog;
			sourceTree = "<group>";
		};
		4AF49DEA221A92C2004F45EB /* FullGes */ = {
			isa = PBXGroup;
			children = (
				4AF49DEB221A92F1004F45EB /* UINavigationController+FDFullscreenPopGesture.h */,
				4AF49DEC221A92F1004F45EB /* UINavigationController+FDFullscreenPopGesture.m */,
			);
			path = FullGes;
			sourceTree = "<group>";
		};
		4AF49DEE221A92F7004F45EB /* UIColorCategory */ = {
			isa = PBXGroup;
			children = (
				4AF49DEF221A9306004F45EB /* UIColor+ZDDColor.h */,
				4AF49DF0221A9307004F45EB /* UIColor+ZDDColor.m */,
			);
			path = UIColorCategory;
			sourceTree = "<group>";
		};
		4AF49DFB221A95B2004F45EB /* BaseController */ = {
			isa = PBXGroup;
			children = (
				4AF49DFD221A9944004F45EB /* TEMPBaseViewController.h */,
				4AF49DFE221A9944004F45EB /* TEMPBaseViewController.m */,
				4AF49DFC221A95C9004F45EB /* BaseTabController */,
			);
			path = BaseController;
			sourceTree = "<group>";
		};
		4AF49DFC221A95C9004F45EB /* BaseTabController */ = {
			isa = PBXGroup;
			children = (
				4AF49E00221A9977004F45EB /* TEMPBaseTabViewController.h */,
				4AF49E01221A9977004F45EB /* TEMPBaseTabViewController.m */,
				4A7FCF04221B94F300CD6876 /* ZDDTabBarController.h */,
				4A7FCF05221B94F300CD6876 /* ZDDTabBarController.m */,
			);
			path = BaseTabController;
			sourceTree = "<group>";
		};
		4AF49E03221A9A6D004F45EB /* Controller */ = {
			isa = PBXGroup;
			children = (
				37FA53C6221F88AC00E5C5A9 /* ZDDLogIn */,
				4AF49E07221A9AA8004F45EB /* ZDDFourTabController */,
				4AF49E06221A9AA0004F45EB /* ZDDThreeTabController */,
				4AF49E05221A9A8B004F45EB /* ZDDTwoTabController */,
				4AF49E04221A9A7A004F45EB /* ZDDOneTabController */,
			);
			path = Controller;
			sourceTree = "<group>";
		};
		4AF49E04221A9A7A004F45EB /* ZDDOneTabController */ = {
			isa = PBXGroup;
			children = (
				371F07AC221D497E00453357 /* Controller */,
				371F07AB221D497E00453357 /* Model */,
				371F07AA221D497E00453357 /* View */,
			);
			path = ZDDOneTabController;
			sourceTree = "<group>";
		};
		4AF49E05221A9A8B004F45EB /* ZDDTwoTabController */ = {
			isa = PBXGroup;
			children = (
				7554A28A2220C22100F7F099 /* View */,
				7554A2892220C21900F7F099 /* Model */,
				7554A2852220C1FC00F7F099 /* DetailController */,
				7554A2812220C1E400F7F099 /* FBController */,
				4AF49E0B221A9AFD004F45EB /* ZDDTwoTabController.h */,
				4AF49E0C221A9AFD004F45EB /* ZDDTwoTabController.m */,
			);
			path = ZDDTwoTabController;
			sourceTree = "<group>";
		};
		4AF49E06221A9AA0004F45EB /* ZDDThreeTabController */ = {
			isa = PBXGroup;
			children = (
				4AF49E0E221A9B0E004F45EB /* ZDDThreeTabController.h */,
				4AF49E0F221A9B0E004F45EB /* ZDDThreeTabController.m */,
			);
			path = ZDDThreeTabController;
			sourceTree = "<group>";
		};
		4AF49E07221A9AA8004F45EB /* ZDDFourTabController */ = {
			isa = PBXGroup;
			children = (
				4AF49E11221A9B1A004F45EB /* ZDDFourTabController.h */,
				4AF49E12221A9B1A004F45EB /* ZDDFourTabController.m */,
				4A27555F221E96DB003689F6 /* View */,
				4A275557221E3D3B003689F6 /* ZDDYZXSController */,
				7554A27C2220C16900F7F099 /* ZDDWDFBController */,
			);
			path = ZDDFourTabController;
			sourceTree = "<group>";
		};
		4AF49E14221A9E31004F45EB /* ThemeColorConfiguration */ = {
			isa = PBXGroup;
			children = (
				4AF49E15221A9E58004F45EB /* ZDDThemeConfiguration.h */,
				4AF49E16221A9E58004F45EB /* ZDDThemeConfiguration.m */,
			);
			path = ThemeColorConfiguration;
			sourceTree = "<group>";
		};
		750E6B1F22240CD8001A72BC /* Controller */ = {
			isa = PBXGroup;
			children = (
				750E6B2022240D07001A72BC /* ZDDWDTwoViewController.h */,
				750E6B2122240D07001A72BC /* ZDDWDTwoViewController.m */,
				750E6B2322240D14001A72BC /* ZDDWDOneViewController.h */,
				750E6B2422240D14001A72BC /* ZDDWDOneViewController.m */,
			);
			path = Controller;
			sourceTree = "<group>";
		};
		7554A27C2220C16900F7F099 /* ZDDWDFBController */ = {
			isa = PBXGroup;
			children = (
				750E6B1F22240CD8001A72BC /* Controller */,
				7554A27D2220C18900F7F099 /* ZDDWDFBViewController.h */,
				7554A27E2220C18900F7F099 /* ZDDWDFBViewController.m */,
			);
			path = ZDDWDFBController;
			sourceTree = "<group>";
		};
		7554A2812220C1E400F7F099 /* FBController */ = {
			isa = PBXGroup;
			children = (
				7554A2822220C1F300F7F099 /* ZDDFBViewController.h */,
				7554A2832220C1F300F7F099 /* ZDDFBViewController.m */,
			);
			path = FBController;
			sourceTree = "<group>";
		};
		7554A2852220C1FC00F7F099 /* DetailController */ = {
			isa = PBXGroup;
			children = (
				7554A2872220C20A00F7F099 /* ZDDQRDetailViewController.h */,
				7554A2862220C20A00F7F099 /* ZDDQRDetailViewController.m */,
			);
			path = DetailController;
			sourceTree = "<group>";
		};
		7554A2892220C21900F7F099 /* Model */ = {
			isa = PBXGroup;
			children = (
				7554A28B2220C22E00F7F099 /* ZDDQRModel.h */,
				7554A28C2220C22E00F7F099 /* ZDDQRModel.m */,
				751099C0222281E400AE12AF /* ZDDDataModel.h */,
				751099C1222281E400AE12AF /* ZDDDataModel.m */,
			);
			path = Model;
			sourceTree = "<group>";
		};
		7554A28A2220C22100F7F099 /* View */ = {
			isa = PBXGroup;
			children = (
				7554A2912220C23E00F7F099 /* ZDDQR1TableViewCell.h */,
				7554A28F2220C23D00F7F099 /* ZDDQR1TableViewCell.m */,
				7554A28E2220C23D00F7F099 /* ZDDQR2TableViewCell.h */,
				7554A2902220C23D00F7F099 /* ZDDQR2TableViewCell.m */,
				751099BD22226BC600AE12AF /* ZDDQR0TableViewCell.h */,
				751099BE22226BC600AE12AF /* ZDDQR0TableViewCell.m */,
				750E6B152222B8D4001A72BC /* ZDDDetailHeader1TableViewCell.h */,
				750E6B162222B8D4001A72BC /* ZDDDetailHeader1TableViewCell.m */,
				750E6B182222B8ED001A72BC /* ZDDDetailHeader2TableViewCell.h */,
				750E6B192222B8ED001A72BC /* ZDDDetailHeader2TableViewCell.m */,
				750E6B1B2222B904001A72BC /* ZDDCommentTableViewCell.h */,
				750E6B1C2222B904001A72BC /* ZDDCommentTableViewCell.m */,
			);
			path = View;
			sourceTree = "<group>";
		};
/* End PBXGroup section */

/* Begin PBXNativeTarget section */
		4AF49DAE221A8A18004F45EB /* WriteToYou */ = {
			isa = PBXNativeTarget;
			buildConfigurationList = 4AF49DC5221A8A29004F45EB /* Build configuration list for PBXNativeTarget "WriteToYou" */;
			buildPhases = (
				9BE694A407294B7E9F2A4F49 /* [CP] Check Pods Manifest.lock */,
				4AF49DAB221A8A18004F45EB /* Sources */,
				4AF49DAC221A8A18004F45EB /* Frameworks */,
				4AF49DAD221A8A18004F45EB /* Resources */,
				85D11B0648EEE8584D1D3B48 /* [CP] Copy Pods Resources */,
			);
			buildRules = (
			);
			dependencies = (
			);
			name = WriteToYou;
			productName = WriteToYou;
			productReference = 4AF49DAF221A8A18004F45EB /* WriteToYou.app */;
			productType = "com.apple.product-type.application";
		};
/* End PBXNativeTarget section */

/* Begin PBXProject section */
		4AF49DA7221A8A18004F45EB /* Project object */ = {
			isa = PBXProject;
			attributes = {
				LastUpgradeCheck = 1010;
				ORGANIZATIONNAME = binary;
				TargetAttributes = {
					4AF49DAE221A8A18004F45EB = {
						CreatedOnToolsVersion = 10.1;
						SystemCapabilities = {
							com.apple.BackgroundModes = {
								enabled = 1;
							};
							com.apple.Push = {
								enabled = 1;
							};
						};
					};
				};
			};
			buildConfigurationList = 4AF49DAA221A8A18004F45EB /* Build configuration list for PBXProject "WriteToYou" */;
			compatibilityVersion = "Xcode 9.3";
			developmentRegion = en;
			hasScannedForEncodings = 0;
			knownRegions = (
				en,
				Base,
			);
			mainGroup = 4AF49DA6221A8A18004F45EB;
			productRefGroup = 4AF49DB0221A8A18004F45EB /* Products */;
			projectDirPath = "";
			projectRoot = "";
			targets = (
				4AF49DAE221A8A18004F45EB /* WriteToYou */,
			);
		};
/* End PBXProject section */

/* Begin PBXResourcesBuildPhase section */
		4AF49DAD221A8A18004F45EB /* Resources */ = {
			isa = PBXResourcesBuildPhase;
			buildActionMask = 2147483647;
			files = (
				4AF49DBF221A8A29004F45EB /* LaunchScreen.storyboard in Resources */,
				4AF49DBC221A8A29004F45EB /* Assets.xcassets in Resources */,
				37FA540D221F9F0900E5C5A9 /* pop-tvos-Info.plist in Resources */,
				37FA5407221F9F0900E5C5A9 /* pop-ios-Info.plist in Resources */,
				37FA540F221F9F0900E5C5A9 /* pop-osx-Info.plist in Resources */,
			);
			runOnlyForDeploymentPostprocessing = 0;
		};
/* End PBXResourcesBuildPhase section */

/* Begin PBXShellScriptBuildPhase section */
		85D11B0648EEE8584D1D3B48 /* [CP] Copy Pods Resources */ = {
			isa = PBXShellScriptBuildPhase;
			buildActionMask = 2147483647;
			files = (
			);
			inputPaths = (
				"${PODS_ROOT}/Target Support Files/Pods-WriteToYou/Pods-WriteToYou-resources.sh",
				"${PODS_CONFIGURATION_BUILD_DIR}/CTAssetsPickerController/CTAssetsPickerController.bundle",
				"${PODS_ROOT}/DateTools/DateTools/DateTools/DateTools.bundle",
				"${PODS_ROOT}/MFHUDManager/Image/notice_type_error.png",
				"${PODS_ROOT}/MFHUDManager/Image/notice_type_success.png",
				"${PODS_ROOT}/MFHUDManager/Image/notice_type_warnning.png",
				"${PODS_ROOT}/MJRefresh/MJRefresh/MJRefresh.bundle",
				"${PODS_ROOT}/QMUIKit/QMUIKit/QMUIResources/QMUIResources.bundle",
				"${PODS_ROOT}/SAMKeychain/Support/SAMKeychain.bundle",
			);
			name = "[CP] Copy Pods Resources";
			outputPaths = (
				"${TARGET_BUILD_DIR}/${UNLOCALIZED_RESOURCES_FOLDER_PATH}/CTAssetsPickerController.bundle",
				"${TARGET_BUILD_DIR}/${UNLOCALIZED_RESOURCES_FOLDER_PATH}/DateTools.bundle",
				"${TARGET_BUILD_DIR}/${UNLOCALIZED_RESOURCES_FOLDER_PATH}/notice_type_error.png",
				"${TARGET_BUILD_DIR}/${UNLOCALIZED_RESOURCES_FOLDER_PATH}/notice_type_success.png",
				"${TARGET_BUILD_DIR}/${UNLOCALIZED_RESOURCES_FOLDER_PATH}/notice_type_warnning.png",
				"${TARGET_BUILD_DIR}/${UNLOCALIZED_RESOURCES_FOLDER_PATH}/MJRefresh.bundle",
				"${TARGET_BUILD_DIR}/${UNLOCALIZED_RESOURCES_FOLDER_PATH}/QMUIResources.bundle",
				"${TARGET_BUILD_DIR}/${UNLOCALIZED_RESOURCES_FOLDER_PATH}/SAMKeychain.bundle",
			);
			runOnlyForDeploymentPostprocessing = 0;
			shellPath = /bin/sh;
			shellScript = "\"${PODS_ROOT}/Target Support Files/Pods-WriteToYou/Pods-WriteToYou-resources.sh\"\n";
			showEnvVarsInLog = 0;
		};
		9BE694A407294B7E9F2A4F49 /* [CP] Check Pods Manifest.lock */ = {
			isa = PBXShellScriptBuildPhase;
			buildActionMask = 2147483647;
			files = (
			);
			inputPaths = (
				"${PODS_PODFILE_DIR_PATH}/Podfile.lock",
				"${PODS_ROOT}/Manifest.lock",
			);
			name = "[CP] Check Pods Manifest.lock";
			outputPaths = (
				"$(DERIVED_FILE_DIR)/Pods-WriteToYou-checkManifestLockResult.txt",
			);
			runOnlyForDeploymentPostprocessing = 0;
			shellPath = /bin/sh;
			shellScript = "diff \"${PODS_PODFILE_DIR_PATH}/Podfile.lock\" \"${PODS_ROOT}/Manifest.lock\" > /dev/null\nif [ $? != 0 ] ; then\n    # print error to STDERR\n    echo \"error: The sandbox is not in sync with the Podfile.lock. Run 'pod install' or update your CocoaPods installation.\" >&2\n    exit 1\nfi\n# This output is used by Xcode 'outputs' to avoid re-running this script phase.\necho \"SUCCESS\" > \"${SCRIPT_OUTPUT_FILE_0}\"\n";
			showEnvVarsInLog = 0;
		};
/* End PBXShellScriptBuildPhase section */

/* Begin PBXSourcesBuildPhase section */
		4AF49DAB221A8A18004F45EB /* Sources */ = {
			isa = PBXSourcesBuildPhase;
			buildActionMask = 2147483647;
			files = (
				4AF49DE8221A92B8004F45EB /* NSSet+HYBUnicodeReadable.m in Sources */,
				4AF49DF8221A937A004F45EB /* TEMPAppDelegate+PushService.m in Sources */,
				7554A2932220C23E00F7F099 /* ZDDQR2TableViewCell.m in Sources */,
				37FA5416221F9F0900E5C5A9 /* POPAnimatableProperty.mm in Sources */,
				4AF49DE9221A92B8004F45EB /* Foundation+Log.m in Sources */,
				371F07AF221D49AB00453357 /* ZDDThreeLinesCell.m in Sources */,
				4A275562221E9708003689F6 /* ZDDPersonHeadTableViewCell.m in Sources */,
				37FA5412221F9F0900E5C5A9 /* POPGeometry.mm in Sources */,
				4AF49DFF221A9944004F45EB /* TEMPBaseViewController.m in Sources */,
				4AF49DD5221A8FE3004F45EB /* TEMPKeyConfiguration.m in Sources */,
				4A7FCF06221B94F300CD6876 /* ZDDTabBarController.m in Sources */,
				37F5E2902222BA2E004C841E /* ZDDPoemModel.m in Sources */,
				4A27555A221E3DA3003689F6 /* ZDDYZXSViewController.m in Sources */,
				750E6B1D2222B904001A72BC /* ZDDCommentTableViewCell.m in Sources */,
				7554A27F2220C18900F7F099 /* ZDDWDFBViewController.m in Sources */,
				750E6B2222240D07001A72BC /* ZDDWDTwoViewController.m in Sources */,
				37FA5417221F9F0900E5C5A9 /* POPAnimationRuntime.mm in Sources */,
				4AF49E17221A9E58004F45EB /* ZDDThemeConfiguration.m in Sources */,
				37E3E01C22217FFA0088FCE4 /* UIImage+ImageEffects.m in Sources */,
				750E6B2522240D14001A72BC /* ZDDWDOneViewController.m in Sources */,
				4A275565221E9715003689F6 /* ZDDPersonSettingTableViewCell.m in Sources */,
				37FA540B221F9F0900E5C5A9 /* POPAnimationTracer.mm in Sources */,
				751099BF22226BC600AE12AF /* ZDDQR0TableViewCell.m in Sources */,
				37FA5427221FD28200E5C5A9 /* NSString+Regex.m in Sources */,
				7554A2882220C20A00F7F099 /* ZDDQRDetailViewController.m in Sources */,
				37FA5419221F9F0900E5C5A9 /* POPLayerExtras.mm in Sources */,
				37FA5409221F9F0900E5C5A9 /* POPSpringAnimation.mm in Sources */,
				371F7298221E3D76001DEC05 /* ZDDThreeLineCardView.m in Sources */,
				371F07B3221D51BA00453357 /* ZDDThreeLineModel.m in Sources */,
				4AF49E0A221A9AD3004F45EB /* ZDDOneTabController.m in Sources */,
				37FA540C221F9F0900E5C5A9 /* POPAnimationExtras.mm in Sources */,
				37F5E2932222C0BC004C841E /* UIWindow+Tools.m in Sources */,
				4AF49DED221A92F1004F45EB /* UINavigationController+FDFullscreenPopGesture.m in Sources */,
				7554A2842220C1F400F7F099 /* ZDDFBViewController.m in Sources */,
				751099C2222281E400AE12AF /* ZDDDataModel.m in Sources */,
				750E6B1A2222B8ED001A72BC /* ZDDDetailHeader2TableViewCell.m in Sources */,
				371F72A5221E990A001DEC05 /* UIView+ZDD.m in Sources */,
				4AF49DFA221A937A004F45EB /* TEMPAppDelegate+OpenURL.m in Sources */,
				37FA540A221F9F0900E5C5A9 /* POPCustomAnimation.mm in Sources */,
				37FA542A221FE7BF00E5C5A9 /* ZDDPostThreeLineController.m in Sources */,
				4A275568221E9CBC003689F6 /* ZDDPersonLogoutTableViewCell.m in Sources */,
				750E6B2B222444E0001A72BC /* ZDDNavigationViewController.m in Sources */,
				4AF49DD8221A90DE004F45EB /* TEMPSDKManager.m in Sources */,
				4AF49E02221A9977004F45EB /* TEMPBaseTabViewController.m in Sources */,
				37FA5411221F9F0900E5C5A9 /* POPAnimation.mm in Sources */,
				37FA5406221F9F0900E5C5A9 /* POPCGUtils.mm in Sources */,
				4AF49DF1221A9307004F45EB /* UIColor+ZDDColor.m in Sources */,
				4AF49E13221A9B1A004F45EB /* ZDDFourTabController.m in Sources */,
				371F72B1221EA896001DEC05 /* NSMutableDictionary+Attributes.m in Sources */,
				371F72A8221E9C63001DEC05 /* ZDDThreeLineCommentCellNode.m in Sources */,
				4A275556221E3D14003689F6 /* UIImage+Blur.m in Sources */,
				37FA541A221F9F0900E5C5A9 /* POPVector.mm in Sources */,
				4AF49DDD221A922D004F45EB /* ZDDNotificationName.m in Sources */,
				37FA5421221FC2DD00E5C5A9 /* ZDDUserModel.m in Sources */,
				4AF49DCD221A8EE2004F45EB /* TEMPLaunchManager.m in Sources */,
				7554A28D2220C22F00F7F099 /* ZDDQRModel.m in Sources */,
				37E3E01B22217FFA0088FCE4 /* MODropAlertView.m in Sources */,
				4AF49DF9221A937A004F45EB /* TEMPAppDelegate+BackgroundTask.m in Sources */,
				37FA5415221F9F0900E5C5A9 /* POPAnimator.mm in Sources */,
				750E6B172222B8D4001A72BC /* ZDDDetailHeader1TableViewCell.m in Sources */,
				37FA53CC221F89EB00E5C5A9 /* ZDDLogController.m in Sources */,
				37FA5410221F9F0900E5C5A9 /* POPPropertyAnimation.mm in Sources */,
				4AF49E0D221A9AFD004F45EB /* ZDDTwoTabController.m in Sources */,
				371F729B221E8A12001DEC05 /* ZDDSnowView.m in Sources */,
				371F729E221E9097001DEC05 /* ZDDThreeLineCommentView.m in Sources */,
				4AF49E10221A9B0E004F45EB /* ZDDThreeTabController.m in Sources */,
				4AF49DE7221A92B8004F45EB /* NSArray+HYBUnicodeReadable.m in Sources */,
				37FA540E221F9F0900E5C5A9 /* POPDecayAnimation.mm in Sources */,
				37FA5424221FC32300E5C5A9 /* ZDDUserTool.m in Sources */,
				4AF49DC2221A8A29004F45EB /* main.m in Sources */,
				37FA5408221F9F0900E5C5A9 /* POPMath.mm in Sources */,
				371F72B0221EA896001DEC05 /* NSMutableAttributedString+Chain.m in Sources */,
				37FA5414221F9F0900E5C5A9 /* TransformationMatrix.mm in Sources */,
				4AF49DB4221A8A18004F45EB /* TEMPAppDelegate.m in Sources */,
				4AF49DE6221A92B8004F45EB /* NSDictionary+HYBUnicodeReadable.m in Sources */,
				37FA5418221F9F0900E5C5A9 /* POPAnimationEvent.mm in Sources */,
				7554A2922220C23E00F7F099 /* ZDDQR1TableViewCell.m in Sources */,
				371F72A1221E949F001DEC05 /* ZDDInputView.m in Sources */,
				37FA5413221F9F0900E5C5A9 /* POPBasicAnimation.mm in Sources */,
			);
			runOnlyForDeploymentPostprocessing = 0;
		};
/* End PBXSourcesBuildPhase section */

/* Begin PBXVariantGroup section */
		4AF49DBD221A8A29004F45EB /* LaunchScreen.storyboard */ = {
			isa = PBXVariantGroup;
			children = (
				4AF49DBE221A8A29004F45EB /* Base */,
			);
			name = LaunchScreen.storyboard;
			sourceTree = "<group>";
		};
/* End PBXVariantGroup section */

/* Begin XCBuildConfiguration section */
		4AF49DC3221A8A29004F45EB /* Debug */ = {
			isa = XCBuildConfiguration;
			buildSettings = {
				ALWAYS_SEARCH_USER_PATHS = NO;
				CLANG_ANALYZER_NONNULL = YES;
				CLANG_ANALYZER_NUMBER_OBJECT_CONVERSION = YES_AGGRESSIVE;
				CLANG_CXX_LANGUAGE_STANDARD = "gnu++14";
				CLANG_CXX_LIBRARY = "libc++";
				CLANG_ENABLE_MODULES = YES;
				CLANG_ENABLE_OBJC_ARC = YES;
				CLANG_ENABLE_OBJC_WEAK = YES;
				CLANG_WARN_BLOCK_CAPTURE_AUTORELEASING = YES;
				CLANG_WARN_BOOL_CONVERSION = YES;
				CLANG_WARN_COMMA = YES;
				CLANG_WARN_CONSTANT_CONVERSION = YES;
				CLANG_WARN_DEPRECATED_OBJC_IMPLEMENTATIONS = YES;
				CLANG_WARN_DIRECT_OBJC_ISA_USAGE = YES_ERROR;
				CLANG_WARN_DOCUMENTATION_COMMENTS = YES;
				CLANG_WARN_EMPTY_BODY = YES;
				CLANG_WARN_ENUM_CONVERSION = YES;
				CLANG_WARN_INFINITE_RECURSION = YES;
				CLANG_WARN_INT_CONVERSION = YES;
				CLANG_WARN_NON_LITERAL_NULL_CONVERSION = YES;
				CLANG_WARN_OBJC_IMPLICIT_RETAIN_SELF = YES;
				CLANG_WARN_OBJC_LITERAL_CONVERSION = YES;
				CLANG_WARN_OBJC_ROOT_CLASS = YES_ERROR;
				CLANG_WARN_RANGE_LOOP_ANALYSIS = YES;
				CLANG_WARN_STRICT_PROTOTYPES = YES;
				CLANG_WARN_SUSPICIOUS_MOVE = YES;
				CLANG_WARN_UNGUARDED_AVAILABILITY = YES_AGGRESSIVE;
				CLANG_WARN_UNREACHABLE_CODE = YES;
				CLANG_WARN__DUPLICATE_METHOD_MATCH = YES;
				CODE_SIGN_IDENTITY = "iPhone Developer";
				COPY_PHASE_STRIP = NO;
				DEBUG_INFORMATION_FORMAT = dwarf;
				ENABLE_STRICT_OBJC_MSGSEND = YES;
				ENABLE_TESTABILITY = YES;
				GCC_C_LANGUAGE_STANDARD = gnu11;
				GCC_DYNAMIC_NO_PIC = NO;
				GCC_NO_COMMON_BLOCKS = YES;
				GCC_OPTIMIZATION_LEVEL = 0;
				GCC_PREPROCESSOR_DEFINITIONS = (
					"DEBUG=1",
					"$(inherited)",
				);
				GCC_WARN_64_TO_32_BIT_CONVERSION = YES;
				GCC_WARN_ABOUT_RETURN_TYPE = YES_ERROR;
				GCC_WARN_UNDECLARED_SELECTOR = YES;
				GCC_WARN_UNINITIALIZED_AUTOS = YES_AGGRESSIVE;
				GCC_WARN_UNUSED_FUNCTION = YES;
				GCC_WARN_UNUSED_VARIABLE = YES;
				IPHONEOS_DEPLOYMENT_TARGET = 12.1;
				MTL_ENABLE_DEBUG_INFO = INCLUDE_SOURCE;
				MTL_FAST_MATH = YES;
				ONLY_ACTIVE_ARCH = YES;
				SDKROOT = iphoneos;
			};
			name = Debug;
		};
		4AF49DC4221A8A29004F45EB /* Release */ = {
			isa = XCBuildConfiguration;
			buildSettings = {
				ALWAYS_SEARCH_USER_PATHS = NO;
				CLANG_ANALYZER_NONNULL = YES;
				CLANG_ANALYZER_NUMBER_OBJECT_CONVERSION = YES_AGGRESSIVE;
				CLANG_CXX_LANGUAGE_STANDARD = "gnu++14";
				CLANG_CXX_LIBRARY = "libc++";
				CLANG_ENABLE_MODULES = YES;
				CLANG_ENABLE_OBJC_ARC = YES;
				CLANG_ENABLE_OBJC_WEAK = YES;
				CLANG_WARN_BLOCK_CAPTURE_AUTORELEASING = YES;
				CLANG_WARN_BOOL_CONVERSION = YES;
				CLANG_WARN_COMMA = YES;
				CLANG_WARN_CONSTANT_CONVERSION = YES;
				CLANG_WARN_DEPRECATED_OBJC_IMPLEMENTATIONS = YES;
				CLANG_WARN_DIRECT_OBJC_ISA_USAGE = YES_ERROR;
				CLANG_WARN_DOCUMENTATION_COMMENTS = YES;
				CLANG_WARN_EMPTY_BODY = YES;
				CLANG_WARN_ENUM_CONVERSION = YES;
				CLANG_WARN_INFINITE_RECURSION = YES;
				CLANG_WARN_INT_CONVERSION = YES;
				CLANG_WARN_NON_LITERAL_NULL_CONVERSION = YES;
				CLANG_WARN_OBJC_IMPLICIT_RETAIN_SELF = YES;
				CLANG_WARN_OBJC_LITERAL_CONVERSION = YES;
				CLANG_WARN_OBJC_ROOT_CLASS = YES_ERROR;
				CLANG_WARN_RANGE_LOOP_ANALYSIS = YES;
				CLANG_WARN_STRICT_PROTOTYPES = YES;
				CLANG_WARN_SUSPICIOUS_MOVE = YES;
				CLANG_WARN_UNGUARDED_AVAILABILITY = YES_AGGRESSIVE;
				CLANG_WARN_UNREACHABLE_CODE = YES;
				CLANG_WARN__DUPLICATE_METHOD_MATCH = YES;
				CODE_SIGN_IDENTITY = "iPhone Developer";
				COPY_PHASE_STRIP = NO;
				DEBUG_INFORMATION_FORMAT = "dwarf-with-dsym";
				ENABLE_NS_ASSERTIONS = NO;
				ENABLE_STRICT_OBJC_MSGSEND = YES;
				GCC_C_LANGUAGE_STANDARD = gnu11;
				GCC_NO_COMMON_BLOCKS = YES;
				GCC_WARN_64_TO_32_BIT_CONVERSION = YES;
				GCC_WARN_ABOUT_RETURN_TYPE = YES_ERROR;
				GCC_WARN_UNDECLARED_SELECTOR = YES;
				GCC_WARN_UNINITIALIZED_AUTOS = YES_AGGRESSIVE;
				GCC_WARN_UNUSED_FUNCTION = YES;
				GCC_WARN_UNUSED_VARIABLE = YES;
				IPHONEOS_DEPLOYMENT_TARGET = 12.1;
				MTL_ENABLE_DEBUG_INFO = NO;
				MTL_FAST_MATH = YES;
				SDKROOT = iphoneos;
				VALIDATE_PRODUCT = YES;
			};
			name = Release;
		};
		4AF49DC6221A8A29004F45EB /* Debug */ = {
			isa = XCBuildConfiguration;
			baseConfigurationReference = 915664136FB0004CAE80CFAA /* Pods-WriteToYou.debug.xcconfig */;
			buildSettings = {
				ASSETCATALOG_COMPILER_APPICON_NAME = AppIcon;
				CODE_SIGN_ENTITLEMENTS = WriteToYou/WriteToYou.entitlements;
				CODE_SIGN_STYLE = Automatic;
				DEVELOPMENT_TEAM = 96NZDADFWS;
				GCC_PREFIX_HEADER = "$(PRODUCT_NAME)/PrefixHeader.pch";
				INFOPLIST_FILE = "$(SRCROOT)/WriteToYou/Info.plist";
				IPHONEOS_DEPLOYMENT_TARGET = 10.0;
				LD_RUNPATH_SEARCH_PATHS = (
					"$(inherited)",
					"@executable_path/Frameworks",
				);
				PRODUCT_BUNDLE_IDENTIFIER = org.binary.WriteToYou;
				PRODUCT_NAME = "$(TARGET_NAME)";
				TARGETED_DEVICE_FAMILY = 1;
			};
			name = Debug;
		};
		4AF49DC7221A8A29004F45EB /* Release */ = {
			isa = XCBuildConfiguration;
			baseConfigurationReference = 7C615778C541EDDE5C5ED866 /* Pods-WriteToYou.release.xcconfig */;
			buildSettings = {
				ASSETCATALOG_COMPILER_APPICON_NAME = AppIcon;
				CODE_SIGN_ENTITLEMENTS = WriteToYou/WriteToYou.entitlements;
				CODE_SIGN_STYLE = Automatic;
				DEVELOPMENT_TEAM = 96NZDADFWS;
				GCC_PREFIX_HEADER = "$(PRODUCT_NAME)/PrefixHeader.pch";
				INFOPLIST_FILE = "$(SRCROOT)/WriteToYou/Info.plist";
				IPHONEOS_DEPLOYMENT_TARGET = 10.0;
				LD_RUNPATH_SEARCH_PATHS = (
					"$(inherited)",
					"@executable_path/Frameworks",
				);
				PRODUCT_BUNDLE_IDENTIFIER = org.binary.WriteToYou;
				PRODUCT_NAME = "$(TARGET_NAME)";
				TARGETED_DEVICE_FAMILY = 1;
			};
			name = Release;
		};
/* End XCBuildConfiguration section */

/* Begin XCConfigurationList section */
		4AF49DAA221A8A18004F45EB /* Build configuration list for PBXProject "WriteToYou" */ = {
			isa = XCConfigurationList;
			buildConfigurations = (
				4AF49DC3221A8A29004F45EB /* Debug */,
				4AF49DC4221A8A29004F45EB /* Release */,
			);
			defaultConfigurationIsVisible = 0;
			defaultConfigurationName = Release;
		};
		4AF49DC5221A8A29004F45EB /* Build configuration list for PBXNativeTarget "WriteToYou" */ = {
			isa = XCConfigurationList;
			buildConfigurations = (
				4AF49DC6221A8A29004F45EB /* Debug */,
				4AF49DC7221A8A29004F45EB /* Release */,
			);
			defaultConfigurationIsVisible = 0;
			defaultConfigurationName = Release;
		};
/* End XCConfigurationList section */
	};
	rootObject = 4AF49DA7221A8A18004F45EB /* Project object */;
}
